{
  "version": 4,
  "terraform_version": "1.5.7",
  "serial": 364,
  "lineage": "806f636c-ca4e-9193-9551-463f7d9c9392",
  "outputs": {},
  "resources": [
    {
      "module": "module.eks",
      "mode": "managed",
      "type": "aws_eks_cluster",
      "name": "eks",
      "provider": "provider[\"registry.terraform.io/hashicorp/aws\"]",
      "instances": [
        {
          "schema_version": 1,
          "attributes": {
            "access_config": [
              {
                "authentication_mode": "CONFIG_MAP",
                "bootstrap_cluster_creator_admin_permissions": true
              }
            ],
            "arn": "arn:aws:eks:ap-northeast-2:034362047320:cluster/eks-cluster",
            "bootstrap_self_managed_addons": true,
            "certificate_authority": [
              {
                "data": "LS0tLS1CRUdJTiBDRVJUSUZJQ0FURS0tLS0tCk1JSURCVENDQWUyZ0F3SUJBZ0lJQlRHdXRGc2pyMG93RFFZSktvWklodmNOQVFFTEJRQXdGVEVUTUJFR0ExVUUKQXhNS2EzVmlaWEp1WlhSbGN6QWVGdzB5TlRBeU1qQXdNREU1TWpkYUZ3MHpOVEF5TVRnd01ESTBNamRhTUJVeApFekFSQmdOVkJBTVRDbXQxWW1WeWJtVjBaWE13Z2dFaU1BMEdDU3FHU0liM0RRRUJBUVVBQTRJQkR3QXdnZ0VLCkFvSUJBUUMvdjVKNktGZ3Z6K3FCdWswWm96L3I1YVBENXVoSENMRHJ1ZkVzZXk3UnhCMWRTdHpBK2NPOTNkdkwKVklhUm00SlR1U2ZDeWpMUFVGak1lQlQrejVVZ1Boa1ZuU2ZLRzFOalBhbDAwZ3E1OTlvcnFubzNRMDlrSjhJeQovRjluMW1tb2hHcDMyL3ZNb3FFYmI2WDc5VWdQL240T0E3amV6aDlTbXhPMy9QVDBUMDNiOHdvenBneG5INGZ6CmR6a3c3Y295UUNXbDZGalFLWndtN0ZpYUROWmVSdDlpR2tmcDNobjhkUkxHemZiQ1lzbUxUbTh2OWdGZGoyNTcKZEZ2Wml2MmZlby8zOWVIZFNxYTZXa1BCQ3NaUmUxQzBKbmJEZXUrOE1IcTNYZnhhUUNXcVh1RExpN0wzSTlZZwp6UTJ6NXZhMHBmUHpQWXprSll2WWI2aklWMUtsQWdNQkFBR2pXVEJYTUE0R0ExVWREd0VCL3dRRUF3SUNwREFQCkJnTlZIUk1CQWY4RUJUQURBUUgvTUIwR0ExVWREZ1FXQkJRZnpKYm05VmxxSUpxT2tKeFA4c21ENUZCVHFUQVYKQmdOVkhSRUVEakFNZ2dwcmRXSmxjbTVsZEdWek1BMEdDU3FHU0liM0RRRUJDd1VBQTRJQkFRQkpjR3BOYXJ4NQorS05FMEdWNm5IbHlkcGxrZk85aGo2UnJsM20xaTBaVXpXaHhuS0lMQ1BETWlOb0ZJQzRQbTYzaGtNR1JPNEc2ClIwNXhYcjUxQXMxbUIvRU9HMlBJaTM2OTQxT3c0YzBKMENlSUtCNVloRFpyaG1VN0RHZVZ0TENXRHlRTmZMQzEKZzlTR0hnNHg3aFlmNTFpbmtjRS8xQTFGRlM1aG9qVXN5bVBINU5jVXR4TE9IQUs3eHNEUmxUSUhleDdNV2Q2cgphdUNLQkZwa3BVT2lOWkdSQ0dJZWVET3dDTnRFbFRGMW0xQzBPVHVwK2V2d1Mvc2tYc0l4dDc1c25hWCt3b0RzCjhpZmkxNGo1RlB0d2UreXY2U2YxWlV4VzJSNTI1dDJuYURNdHMwOWFVUUI1OVpSM3g1em9FUWZtTld2Sk10OWkKcFFOemVETXJ3bkp2Ci0tLS0tRU5EIENFUlRJRklDQVRFLS0tLS0K"
              }
            ],
            "cluster_id": null,
            "compute_config": [],
            "created_at": "2025-02-20T00:19:40Z",
            "enabled_cluster_log_types": null,
            "encryption_config": [],
            "endpoint": "https://8F490DEC514A368D72422C061130C1F2.gr7.ap-northeast-2.eks.amazonaws.com",
            "id": "eks-cluster",
            "identity": [
              {
                "oidc": [
                  {
                    "issuer": "https://oidc.eks.ap-northeast-2.amazonaws.com/id/8F490DEC514A368D72422C061130C1F2"
                  }
                ]
              }
            ],
            "kubernetes_network_config": [
              {
                "elastic_load_balancing": [
                  {
                    "enabled": false
                  }
                ],
                "ip_family": "ipv4",
                "service_ipv4_cidr": "172.20.0.0/16",
                "service_ipv6_cidr": ""
              }
            ],
            "name": "eks-cluster",
            "outpost_config": [],
            "platform_version": "eks.19",
            "remote_network_config": [],
            "role_arn": "arn:aws:iam::034362047320:role/eks-cluster-role",
            "status": "ACTIVE",
            "storage_config": [],
            "tags": {
              "Name": "eks-cluster"
            },
            "tags_all": {
              "Name": "eks-cluster"
            },
            "timeouts": null,
            "upgrade_policy": [
              {
                "support_type": "EXTENDED"
              }
            ],
            "version": "1.31",
            "vpc_config": [
              {
                "cluster_security_group_id": "sg-025a3da6895f17777",
                "endpoint_private_access": true,
                "endpoint_public_access": false,
                "public_access_cidrs": [],
                "security_group_ids": [
                  "sg-0e17803406da532ba"
                ],
                "subnet_ids": [
                  "subnet-094c50ac23f18d65c",
                  "subnet-0f1af3ebf99b96ab5"
                ],
                "vpc_id": "vpc-0fdc851f6149b76cb"
              }
            ],
            "zonal_shift_config": []
          },
          "sensitive_attributes": [],
          "private": "eyJlMmJmYjczMC1lY2FhLTExZTYtOGY4OC0zNDM2M2JjN2M0YzAiOnsiY3JlYXRlIjoxODAwMDAwMDAwMDAwLCJkZWxldGUiOjkwMDAwMDAwMDAwMCwidXBkYXRlIjozNjAwMDAwMDAwMDAwfSwic2NoZW1hX3ZlcnNpb24iOiIxIn0=",
          "dependencies": [
            "module.eks.aws_iam_role.eks_role",
            "module.vpc.aws_eip.nat",
            "module.vpc.aws_internet_gateway.igw",
            "module.vpc.aws_nat_gateway.nat",
            "module.vpc.aws_route.public_internet_access",
            "module.vpc.aws_route_table.private_db",
            "module.vpc.aws_route_table.private_nat",
            "module.vpc.aws_route_table.public",
            "module.vpc.aws_route_table_association.private_db",
            "module.vpc.aws_route_table_association.private_eks",
            "module.vpc.aws_route_table_association.public",
            "module.vpc.aws_security_group.eks_sg",
            "module.vpc.aws_security_group.elasticache_sg",
            "module.vpc.aws_security_group.rds_sg",
            "module.vpc.aws_security_group_rule.eks_api_ingress",
            "module.vpc.aws_security_group_rule.eks_egress_internet",
            "module.vpc.aws_security_group_rule.eks_to_rds_mysql",
            "module.vpc.aws_security_group_rule.eks_to_redis",
            "module.vpc.aws_security_group_rule.rds_to_redis",
            "module.vpc.aws_subnet.private_db",
            "module.vpc.aws_subnet.private_eks",
            "module.vpc.aws_subnet.public",
            "module.vpc.aws_vpc.main"
          ]
        }
      ]
    },
    {
      "module": "module.eks",
      "mode": "managed",
      "type": "aws_eks_node_group",
      "name": "eks_nodes",
      "provider": "provider[\"registry.terraform.io/hashicorp/aws\"]",
      "instances": [
        {
          "schema_version": 0,
          "attributes": {
            "ami_type": "AL2023_x86_64_STANDARD",
            "arn": "arn:aws:eks:ap-northeast-2:034362047320:nodegroup/eks-cluster/eks-node-group/0aca9060-7cfd-00c9-5188-5868f3853940",
            "capacity_type": "ON_DEMAND",
            "cluster_name": "eks-cluster",
            "disk_size": 20,
            "force_update_version": null,
            "id": "eks-cluster:eks-node-group",
            "instance_types": [
              "t3.medium"
            ],
            "labels": null,
            "launch_template": [],
            "node_group_name": "eks-node-group",
            "node_group_name_prefix": "",
            "node_repair_config": [],
            "node_role_arn": "arn:aws:iam::034362047320:role/eks-node-role",
            "release_version": "1.31.5-20250212",
            "remote_access": [
              {
                "ec2_ssh_key": "dev-keypair",
                "source_security_group_ids": null
              }
            ],
            "resources": [
              {
                "autoscaling_groups": [
                  {
                    "name": "eks-eks-node-group-0aca9060-7cfd-00c9-5188-5868f3853940"
                  }
                ],
                "remote_access_security_group_id": "sg-02d8b8167d56365f0"
              }
            ],
            "scaling_config": [
              {
                "desired_size": 2,
                "max_size": 3,
                "min_size": 1
              }
            ],
            "status": "ACTIVE",
            "subnet_ids": [
              "subnet-094c50ac23f18d65c",
              "subnet-0f1af3ebf99b96ab5"
            ],
            "tags": {
              "Name": "eks-node-group"
            },
            "tags_all": {
              "Name": "eks-node-group"
            },
            "taint": [],
            "timeouts": null,
            "update_config": [
              {
                "max_unavailable": 1,
                "max_unavailable_percentage": 0
              }
            ],
            "version": "1.31"
          },
          "sensitive_attributes": [],
          "private": "eyJlMmJmYjczMC1lY2FhLTExZTYtOGY4OC0zNDM2M2JjN2M0YzAiOnsiY3JlYXRlIjozNjAwMDAwMDAwMDAwLCJkZWxldGUiOjM2MDAwMDAwMDAwMDAsInVwZGF0ZSI6MzYwMDAwMDAwMDAwMH19",
          "dependencies": [
            "module.eks.aws_eks_cluster.eks",
            "module.eks.aws_iam_role.eks_node_role",
            "module.eks.aws_iam_role.eks_role",
            "module.vpc.aws_eip.nat",
            "module.vpc.aws_internet_gateway.igw",
            "module.vpc.aws_nat_gateway.nat",
            "module.vpc.aws_route.public_internet_access",
            "module.vpc.aws_route_table.private_db",
            "module.vpc.aws_route_table.private_nat",
            "module.vpc.aws_route_table.public",
            "module.vpc.aws_route_table_association.private_db",
            "module.vpc.aws_route_table_association.private_eks",
            "module.vpc.aws_route_table_association.public",
            "module.vpc.aws_security_group.eks_sg",
            "module.vpc.aws_security_group.elasticache_sg",
            "module.vpc.aws_security_group.rds_sg",
            "module.vpc.aws_security_group_rule.eks_api_ingress",
            "module.vpc.aws_security_group_rule.eks_egress_internet",
            "module.vpc.aws_security_group_rule.eks_to_rds_mysql",
            "module.vpc.aws_security_group_rule.eks_to_redis",
            "module.vpc.aws_security_group_rule.rds_to_redis",
            "module.vpc.aws_subnet.private_db",
            "module.vpc.aws_subnet.private_eks",
            "module.vpc.aws_subnet.public",
            "module.vpc.aws_vpc.main"
          ]
        }
      ]
    },
    {
      "module": "module.eks",
      "mode": "managed",
      "type": "aws_iam_role",
      "name": "eks_node_role",
      "provider": "provider[\"registry.terraform.io/hashicorp/aws\"]",
      "instances": [
        {
          "schema_version": 0,
          "attributes": {
            "arn": "arn:aws:iam::034362047320:role/eks-node-role",
            "assume_role_policy": "{\"Statement\":[{\"Action\":\"sts:AssumeRole\",\"Effect\":\"Allow\",\"Principal\":{\"Service\":\"ec2.amazonaws.com\"}}],\"Version\":\"2012-10-17\"}",
            "create_date": "2025-02-20T00:19:37Z",
            "description": "",
            "force_detach_policies": false,
            "id": "eks-node-role",
            "inline_policy": [],
            "managed_policy_arns": [],
            "max_session_duration": 3600,
            "name": "eks-node-role",
            "name_prefix": "",
            "path": "/",
            "permissions_boundary": "",
            "tags": null,
            "tags_all": {},
            "unique_id": "AROAQQABDHNMIBQ3FP6NG"
          },
          "sensitive_attributes": [],
          "private": "bnVsbA==",
          "dependencies": [
            "module.vpc.aws_eip.nat",
            "module.vpc.aws_internet_gateway.igw",
            "module.vpc.aws_nat_gateway.nat",
            "module.vpc.aws_route.public_internet_access",
            "module.vpc.aws_route_table.private_db",
            "module.vpc.aws_route_table.private_nat",
            "module.vpc.aws_route_table.public",
            "module.vpc.aws_route_table_association.private_db",
            "module.vpc.aws_route_table_association.private_eks",
            "module.vpc.aws_route_table_association.public",
            "module.vpc.aws_security_group.eks_sg",
            "module.vpc.aws_security_group.elasticache_sg",
            "module.vpc.aws_security_group.rds_sg",
            "module.vpc.aws_security_group_rule.eks_api_ingress",
            "module.vpc.aws_security_group_rule.eks_egress_internet",
            "module.vpc.aws_security_group_rule.eks_to_rds_mysql",
            "module.vpc.aws_security_group_rule.eks_to_redis",
            "module.vpc.aws_security_group_rule.rds_to_redis",
            "module.vpc.aws_subnet.private_db",
            "module.vpc.aws_subnet.private_eks",
            "module.vpc.aws_subnet.public",
            "module.vpc.aws_vpc.main"
          ]
        }
      ]
    },
    {
      "module": "module.eks",
      "mode": "managed",
      "type": "aws_iam_role",
      "name": "eks_role",
      "provider": "provider[\"registry.terraform.io/hashicorp/aws\"]",
      "instances": [
        {
          "schema_version": 0,
          "attributes": {
            "arn": "arn:aws:iam::034362047320:role/eks-cluster-role",
            "assume_role_policy": "{\"Statement\":[{\"Action\":\"sts:AssumeRole\",\"Effect\":\"Allow\",\"Principal\":{\"Service\":\"eks.amazonaws.com\"}}],\"Version\":\"2012-10-17\"}",
            "create_date": "2025-02-20T00:19:37Z",
            "description": "",
            "force_detach_policies": false,
            "id": "eks-cluster-role",
            "inline_policy": [],
            "managed_policy_arns": [],
            "max_session_duration": 3600,
            "name": "eks-cluster-role",
            "name_prefix": "",
            "path": "/",
            "permissions_boundary": "",
            "tags": null,
            "tags_all": {},
            "unique_id": "AROAQQABDHNMFJXUEV4IG"
          },
          "sensitive_attributes": [],
          "private": "bnVsbA==",
          "dependencies": [
            "module.vpc.aws_eip.nat",
            "module.vpc.aws_internet_gateway.igw",
            "module.vpc.aws_nat_gateway.nat",
            "module.vpc.aws_route.public_internet_access",
            "module.vpc.aws_route_table.private_db",
            "module.vpc.aws_route_table.private_nat",
            "module.vpc.aws_route_table.public",
            "module.vpc.aws_route_table_association.private_db",
            "module.vpc.aws_route_table_association.private_eks",
            "module.vpc.aws_route_table_association.public",
            "module.vpc.aws_security_group.eks_sg",
            "module.vpc.aws_security_group.elasticache_sg",
            "module.vpc.aws_security_group.rds_sg",
            "module.vpc.aws_security_group_rule.eks_api_ingress",
            "module.vpc.aws_security_group_rule.eks_egress_internet",
            "module.vpc.aws_security_group_rule.eks_to_rds_mysql",
            "module.vpc.aws_security_group_rule.eks_to_redis",
            "module.vpc.aws_security_group_rule.rds_to_redis",
            "module.vpc.aws_subnet.private_db",
            "module.vpc.aws_subnet.private_eks",
            "module.vpc.aws_subnet.public",
            "module.vpc.aws_vpc.main"
          ]
        }
      ]
    },
    {
      "module": "module.eks",
      "mode": "managed",
      "type": "aws_iam_role_policy_attachment",
      "name": "ec2_container_registry_policy",
      "provider": "provider[\"registry.terraform.io/hashicorp/aws\"]",
      "instances": [
        {
          "schema_version": 0,
          "attributes": {
            "id": "eks-node-role-20250220001938393400000008",
            "policy_arn": "arn:aws:iam::aws:policy/AmazonEC2ContainerRegistryReadOnly",
            "role": "eks-node-role"
          },
          "sensitive_attributes": [],
          "private": "bnVsbA==",
          "dependencies": [
            "module.eks.aws_iam_role.eks_node_role",
            "module.vpc.aws_eip.nat",
            "module.vpc.aws_internet_gateway.igw",
            "module.vpc.aws_nat_gateway.nat",
            "module.vpc.aws_route.public_internet_access",
            "module.vpc.aws_route_table.private_db",
            "module.vpc.aws_route_table.private_nat",
            "module.vpc.aws_route_table.public",
            "module.vpc.aws_route_table_association.private_db",
            "module.vpc.aws_route_table_association.private_eks",
            "module.vpc.aws_route_table_association.public",
            "module.vpc.aws_security_group.eks_sg",
            "module.vpc.aws_security_group.elasticache_sg",
            "module.vpc.aws_security_group.rds_sg",
            "module.vpc.aws_security_group_rule.eks_api_ingress",
            "module.vpc.aws_security_group_rule.eks_egress_internet",
            "module.vpc.aws_security_group_rule.eks_to_rds_mysql",
            "module.vpc.aws_security_group_rule.eks_to_redis",
            "module.vpc.aws_security_group_rule.rds_to_redis",
            "module.vpc.aws_subnet.private_db",
            "module.vpc.aws_subnet.private_eks",
            "module.vpc.aws_subnet.public",
            "module.vpc.aws_vpc.main"
          ]
        }
      ]
    },
    {
      "module": "module.eks",
      "mode": "managed",
      "type": "aws_iam_role_policy_attachment",
      "name": "eks_cluster_policy",
      "provider": "provider[\"registry.terraform.io/hashicorp/aws\"]",
      "instances": [
        {
          "schema_version": 0,
          "attributes": {
            "id": "eks-cluster-role-2025022000193892060000000c",
            "policy_arn": "arn:aws:iam::aws:policy/AmazonEKSClusterPolicy",
            "role": "eks-cluster-role"
          },
          "sensitive_attributes": [],
          "private": "bnVsbA==",
          "dependencies": [
            "module.eks.aws_iam_role.eks_role",
            "module.vpc.aws_eip.nat",
            "module.vpc.aws_internet_gateway.igw",
            "module.vpc.aws_nat_gateway.nat",
            "module.vpc.aws_route.public_internet_access",
            "module.vpc.aws_route_table.private_db",
            "module.vpc.aws_route_table.private_nat",
            "module.vpc.aws_route_table.public",
            "module.vpc.aws_route_table_association.private_db",
            "module.vpc.aws_route_table_association.private_eks",
            "module.vpc.aws_route_table_association.public",
            "module.vpc.aws_security_group.eks_sg",
            "module.vpc.aws_security_group.elasticache_sg",
            "module.vpc.aws_security_group.rds_sg",
            "module.vpc.aws_security_group_rule.eks_api_ingress",
            "module.vpc.aws_security_group_rule.eks_egress_internet",
            "module.vpc.aws_security_group_rule.eks_to_rds_mysql",
            "module.vpc.aws_security_group_rule.eks_to_redis",
            "module.vpc.aws_security_group_rule.rds_to_redis",
            "module.vpc.aws_subnet.private_db",
            "module.vpc.aws_subnet.private_eks",
            "module.vpc.aws_subnet.public",
            "module.vpc.aws_vpc.main"
          ]
        }
      ]
    },
    {
      "module": "module.eks",
      "mode": "managed",
      "type": "aws_iam_role_policy_attachment",
      "name": "eks_elb_policy",
      "provider": "provider[\"registry.terraform.io/hashicorp/aws\"]",
      "instances": [
        {
          "schema_version": 0,
          "attributes": {
            "id": "eks-cluster-role-2025022000193865540000000a",
            "policy_arn": "arn:aws:iam::aws:policy/AmazonEKSServicePolicy",
            "role": "eks-cluster-role"
          },
          "sensitive_attributes": [],
          "private": "bnVsbA==",
          "dependencies": [
            "module.eks.aws_iam_role.eks_role",
            "module.vpc.aws_eip.nat",
            "module.vpc.aws_internet_gateway.igw",
            "module.vpc.aws_nat_gateway.nat",
            "module.vpc.aws_route.public_internet_access",
            "module.vpc.aws_route_table.private_db",
            "module.vpc.aws_route_table.private_nat",
            "module.vpc.aws_route_table.public",
            "module.vpc.aws_route_table_association.private_db",
            "module.vpc.aws_route_table_association.private_eks",
            "module.vpc.aws_route_table_association.public",
            "module.vpc.aws_security_group.eks_sg",
            "module.vpc.aws_security_group.elasticache_sg",
            "module.vpc.aws_security_group.rds_sg",
            "module.vpc.aws_security_group_rule.eks_api_ingress",
            "module.vpc.aws_security_group_rule.eks_egress_internet",
            "module.vpc.aws_security_group_rule.eks_to_rds_mysql",
            "module.vpc.aws_security_group_rule.eks_to_redis",
            "module.vpc.aws_security_group_rule.rds_to_redis",
            "module.vpc.aws_subnet.private_db",
            "module.vpc.aws_subnet.private_eks",
            "module.vpc.aws_subnet.public",
            "module.vpc.aws_vpc.main"
          ]
        }
      ]
    },
    {
      "module": "module.eks",
      "mode": "managed",
      "type": "aws_iam_role_policy_attachment",
      "name": "eks_node_cni_policy",
      "provider": "provider[\"registry.terraform.io/hashicorp/aws\"]",
      "instances": [
        {
          "schema_version": 0,
          "attributes": {
            "id": "eks-node-role-20250220001938638100000009",
            "policy_arn": "arn:aws:iam::aws:policy/AmazonEKS_CNI_Policy",
            "role": "eks-node-role"
          },
          "sensitive_attributes": [],
          "private": "bnVsbA==",
          "dependencies": [
            "module.eks.aws_iam_role.eks_node_role",
            "module.vpc.aws_eip.nat",
            "module.vpc.aws_internet_gateway.igw",
            "module.vpc.aws_nat_gateway.nat",
            "module.vpc.aws_route.public_internet_access",
            "module.vpc.aws_route_table.private_db",
            "module.vpc.aws_route_table.private_nat",
            "module.vpc.aws_route_table.public",
            "module.vpc.aws_route_table_association.private_db",
            "module.vpc.aws_route_table_association.private_eks",
            "module.vpc.aws_route_table_association.public",
            "module.vpc.aws_security_group.eks_sg",
            "module.vpc.aws_security_group.elasticache_sg",
            "module.vpc.aws_security_group.rds_sg",
            "module.vpc.aws_security_group_rule.eks_api_ingress",
            "module.vpc.aws_security_group_rule.eks_egress_internet",
            "module.vpc.aws_security_group_rule.eks_to_rds_mysql",
            "module.vpc.aws_security_group_rule.eks_to_redis",
            "module.vpc.aws_security_group_rule.rds_to_redis",
            "module.vpc.aws_subnet.private_db",
            "module.vpc.aws_subnet.private_eks",
            "module.vpc.aws_subnet.public",
            "module.vpc.aws_vpc.main"
          ]
        }
      ]
    },
    {
      "module": "module.eks",
      "mode": "managed",
      "type": "aws_iam_role_policy_attachment",
      "name": "eks_node_worker_node_policy",
      "provider": "provider[\"registry.terraform.io/hashicorp/aws\"]",
      "instances": [
        {
          "schema_version": 0,
          "attributes": {
            "id": "eks-node-role-20250220001938378200000007",
            "policy_arn": "arn:aws:iam::aws:policy/AmazonEKSWorkerNodePolicy",
            "role": "eks-node-role"
          },
          "sensitive_attributes": [],
          "private": "bnVsbA==",
          "dependencies": [
            "module.eks.aws_iam_role.eks_node_role",
            "module.vpc.aws_eip.nat",
            "module.vpc.aws_internet_gateway.igw",
            "module.vpc.aws_nat_gateway.nat",
            "module.vpc.aws_route.public_internet_access",
            "module.vpc.aws_route_table.private_db",
            "module.vpc.aws_route_table.private_nat",
            "module.vpc.aws_route_table.public",
            "module.vpc.aws_route_table_association.private_db",
            "module.vpc.aws_route_table_association.private_eks",
            "module.vpc.aws_route_table_association.public",
            "module.vpc.aws_security_group.eks_sg",
            "module.vpc.aws_security_group.elasticache_sg",
            "module.vpc.aws_security_group.rds_sg",
            "module.vpc.aws_security_group_rule.eks_api_ingress",
            "module.vpc.aws_security_group_rule.eks_egress_internet",
            "module.vpc.aws_security_group_rule.eks_to_rds_mysql",
            "module.vpc.aws_security_group_rule.eks_to_redis",
            "module.vpc.aws_security_group_rule.rds_to_redis",
            "module.vpc.aws_subnet.private_db",
            "module.vpc.aws_subnet.private_eks",
            "module.vpc.aws_subnet.public",
            "module.vpc.aws_vpc.main"
          ]
        }
      ]
    },
    {
      "module": "module.eks",
      "mode": "managed",
      "type": "aws_iam_role_policy_attachment",
      "name": "eks_service_policy",
      "provider": "provider[\"registry.terraform.io/hashicorp/aws\"]",
      "instances": [
        {
          "schema_version": 0,
          "attributes": {
            "id": "eks-cluster-role-2025022000193888700000000b",
            "policy_arn": "arn:aws:iam::aws:policy/AmazonEKSServicePolicy",
            "role": "eks-cluster-role"
          },
          "sensitive_attributes": [],
          "private": "bnVsbA==",
          "dependencies": [
            "module.eks.aws_iam_role.eks_role",
            "module.vpc.aws_eip.nat",
            "module.vpc.aws_internet_gateway.igw",
            "module.vpc.aws_nat_gateway.nat",
            "module.vpc.aws_route.public_internet_access",
            "module.vpc.aws_route_table.private_db",
            "module.vpc.aws_route_table.private_nat",
            "module.vpc.aws_route_table.public",
            "module.vpc.aws_route_table_association.private_db",
            "module.vpc.aws_route_table_association.private_eks",
            "module.vpc.aws_route_table_association.public",
            "module.vpc.aws_security_group.eks_sg",
            "module.vpc.aws_security_group.elasticache_sg",
            "module.vpc.aws_security_group.rds_sg",
            "module.vpc.aws_security_group_rule.eks_api_ingress",
            "module.vpc.aws_security_group_rule.eks_egress_internet",
            "module.vpc.aws_security_group_rule.eks_to_rds_mysql",
            "module.vpc.aws_security_group_rule.eks_to_redis",
            "module.vpc.aws_security_group_rule.rds_to_redis",
            "module.vpc.aws_subnet.private_db",
            "module.vpc.aws_subnet.private_eks",
            "module.vpc.aws_subnet.public",
            "module.vpc.aws_vpc.main"
          ]
        }
      ]
    },
    {
      "module": "module.eks",
      "mode": "managed",
      "type": "aws_iam_role_policy_attachment",
      "name": "eks_worker_node_policy",
      "provider": "provider[\"registry.terraform.io/hashicorp/aws\"]",
      "instances": [
        {
          "schema_version": 0,
          "attributes": {
            "id": "eks-cluster-role-2025022000193904940000000d",
            "policy_arn": "arn:aws:iam::aws:policy/AmazonEKSWorkerNodePolicy",
            "role": "eks-cluster-role"
          },
          "sensitive_attributes": [],
          "private": "bnVsbA==",
          "dependencies": [
            "module.eks.aws_iam_role.eks_role",
            "module.vpc.aws_eip.nat",
            "module.vpc.aws_internet_gateway.igw",
            "module.vpc.aws_nat_gateway.nat",
            "module.vpc.aws_route.public_internet_access",
            "module.vpc.aws_route_table.private_db",
            "module.vpc.aws_route_table.private_nat",
            "module.vpc.aws_route_table.public",
            "module.vpc.aws_route_table_association.private_db",
            "module.vpc.aws_route_table_association.private_eks",
            "module.vpc.aws_route_table_association.public",
            "module.vpc.aws_security_group.eks_sg",
            "module.vpc.aws_security_group.elasticache_sg",
            "module.vpc.aws_security_group.rds_sg",
            "module.vpc.aws_security_group_rule.eks_api_ingress",
            "module.vpc.aws_security_group_rule.eks_egress_internet",
            "module.vpc.aws_security_group_rule.eks_to_rds_mysql",
            "module.vpc.aws_security_group_rule.eks_to_redis",
            "module.vpc.aws_security_group_rule.rds_to_redis",
            "module.vpc.aws_subnet.private_db",
            "module.vpc.aws_subnet.private_eks",
            "module.vpc.aws_subnet.public",
            "module.vpc.aws_vpc.main"
          ]
        }
      ]
    },
    {
      "module": "module.elasticache",
      "mode": "managed",
      "type": "aws_elasticache_replication_group",
      "name": "redis",
      "provider": "provider[\"registry.terraform.io/hashicorp/aws\"]",
      "instances": [
        {
          "schema_version": 2,
          "attributes": {
            "apply_immediately": null,
            "arn": "arn:aws:elasticache:ap-northeast-2:034362047320:replicationgroup:redis-cluster-fast",
            "at_rest_encryption_enabled": "false",
            "auth_token": "",
            "auth_token_update_strategy": "ROTATE",
            "auto_minor_version_upgrade": "true",
            "automatic_failover_enabled": false,
            "cluster_enabled": false,
            "cluster_mode": "disabled",
            "configuration_endpoint_address": null,
            "data_tiering_enabled": false,
            "description": "Optimized Redis Cluster with Single Node First",
            "engine": "redis",
            "engine_version": "7.0",
            "engine_version_actual": "7.0.7",
            "final_snapshot_identifier": null,
            "global_replication_group_id": null,
            "id": "redis-cluster-fast",
            "ip_discovery": "ipv4",
            "kms_key_id": "",
            "log_delivery_configuration": [],
            "maintenance_window": "sat:08:30-sat:09:30",
            "member_clusters": [
              "redis-cluster-fast-001"
            ],
            "multi_az_enabled": false,
            "network_type": "ipv4",
            "node_type": "cache.t4g.small",
            "notification_topic_arn": null,
            "num_cache_clusters": 1,
            "num_node_groups": 1,
            "parameter_group_name": "default.redis7",
            "port": 6379,
            "preferred_cache_cluster_azs": null,
            "primary_endpoint_address": "redis-cluster-fast.lbkn6z.ng.0001.apn2.cache.amazonaws.com",
            "reader_endpoint_address": "redis-cluster-fast-ro.lbkn6z.ng.0001.apn2.cache.amazonaws.com",
            "replicas_per_node_group": 0,
            "replication_group_id": "redis-cluster-fast",
            "security_group_ids": [
              "sg-0e17803406da532ba"
            ],
            "security_group_names": [],
            "snapshot_arns": null,
            "snapshot_name": null,
            "snapshot_retention_limit": 0,
            "snapshot_window": "01:00-02:00",
            "subnet_group_name": "elasticache-subnet-group",
            "tags": {
              "Name": "elasticache-redis-cluster-fast"
            },
            "tags_all": {
              "Name": "elasticache-redis-cluster-fast"
            },
            "timeouts": null,
            "transit_encryption_enabled": false,
            "transit_encryption_mode": "",
            "user_group_ids": null
          },
          "sensitive_attributes": [],
          "private": "eyJlMmJmYjczMC1lY2FhLTExZTYtOGY4OC0zNDM2M2JjN2M0YzAiOnsiY3JlYXRlIjozNjAwMDAwMDAwMDAwLCJkZWxldGUiOjI3MDAwMDAwMDAwMDAsInVwZGF0ZSI6MjQwMDAwMDAwMDAwMH0sInNjaGVtYV92ZXJzaW9uIjoiMiJ9",
          "dependencies": [
            "module.elasticache.aws_elasticache_subnet_group.elasticache",
            "module.vpc.aws_eip.nat",
            "module.vpc.aws_internet_gateway.igw",
            "module.vpc.aws_nat_gateway.nat",
            "module.vpc.aws_route.public_internet_access",
            "module.vpc.aws_route_table.private_db",
            "module.vpc.aws_route_table.private_nat",
            "module.vpc.aws_route_table.public",
            "module.vpc.aws_route_table_association.private_db",
            "module.vpc.aws_route_table_association.private_eks",
            "module.vpc.aws_route_table_association.public",
            "module.vpc.aws_security_group.eks_sg",
            "module.vpc.aws_security_group.elasticache_sg",
            "module.vpc.aws_security_group.rds_sg",
            "module.vpc.aws_security_group_rule.eks_api_ingress",
            "module.vpc.aws_security_group_rule.eks_egress_internet",
            "module.vpc.aws_security_group_rule.eks_to_rds_mysql",
            "module.vpc.aws_security_group_rule.eks_to_redis",
            "module.vpc.aws_security_group_rule.rds_to_redis",
            "module.vpc.aws_subnet.private_db",
            "module.vpc.aws_subnet.private_eks",
            "module.vpc.aws_subnet.public",
            "module.vpc.aws_vpc.main"
          ]
        }
      ]
    },
    {
      "module": "module.elasticache",
      "mode": "managed",
      "type": "aws_elasticache_subnet_group",
      "name": "elasticache",
      "provider": "provider[\"registry.terraform.io/hashicorp/aws\"]",
      "instances": [
        {
          "schema_version": 0,
          "attributes": {
            "arn": "arn:aws:elasticache:ap-northeast-2:034362047320:subnetgroup:elasticache-subnet-group",
            "description": "Managed by Terraform",
            "id": "elasticache-subnet-group",
            "name": "elasticache-subnet-group",
            "subnet_ids": [
              "subnet-094c50ac23f18d65c",
              "subnet-0f1af3ebf99b96ab5"
            ],
            "tags": {
              "Name": "elasticache-subnet-group"
            },
            "tags_all": {
              "Name": "elasticache-subnet-group"
            },
            "vpc_id": "vpc-0fdc851f6149b76cb"
          },
          "sensitive_attributes": [],
          "private": "bnVsbA==",
          "dependencies": [
            "module.vpc.aws_eip.nat",
            "module.vpc.aws_internet_gateway.igw",
            "module.vpc.aws_nat_gateway.nat",
            "module.vpc.aws_route.public_internet_access",
            "module.vpc.aws_route_table.private_db",
            "module.vpc.aws_route_table.private_nat",
            "module.vpc.aws_route_table.public",
            "module.vpc.aws_route_table_association.private_db",
            "module.vpc.aws_route_table_association.private_eks",
            "module.vpc.aws_route_table_association.public",
            "module.vpc.aws_security_group.eks_sg",
            "module.vpc.aws_security_group.elasticache_sg",
            "module.vpc.aws_security_group.rds_sg",
            "module.vpc.aws_security_group_rule.eks_api_ingress",
            "module.vpc.aws_security_group_rule.eks_egress_internet",
            "module.vpc.aws_security_group_rule.eks_to_rds_mysql",
            "module.vpc.aws_security_group_rule.eks_to_redis",
            "module.vpc.aws_security_group_rule.rds_to_redis",
            "module.vpc.aws_subnet.private_db",
            "module.vpc.aws_subnet.private_eks",
            "module.vpc.aws_subnet.public",
            "module.vpc.aws_vpc.main"
          ]
        }
      ]
    },
    {
      "module": "module.rds",
      "mode": "managed",
      "type": "aws_db_subnet_group",
      "name": "aurora_subnet_group",
      "provider": "provider[\"registry.terraform.io/hashicorp/aws\"]",
      "instances": [
        {
          "schema_version": 0,
          "attributes": {
            "arn": "arn:aws:rds:ap-northeast-2:034362047320:subgrp:aurora-subnet-group",
            "description": "Managed by Terraform",
            "id": "aurora-subnet-group",
            "name": "aurora-subnet-group",
            "name_prefix": "",
            "subnet_ids": [
              "subnet-0190a991754621cd3",
              "subnet-0ee0d4cbf4d654619"
            ],
            "supported_network_types": [
              "IPV4"
            ],
            "tags": {
              "Name": "aurora-subnet-group"
            },
            "tags_all": {
              "Name": "aurora-subnet-group"
            },
            "vpc_id": "vpc-0fdc851f6149b76cb"
          },
          "sensitive_attributes": [],
          "private": "bnVsbA==",
          "dependencies": [
            "module.vpc.aws_eip.nat",
            "module.vpc.aws_internet_gateway.igw",
            "module.vpc.aws_nat_gateway.nat",
            "module.vpc.aws_route.public_internet_access",
            "module.vpc.aws_route_table.private_db",
            "module.vpc.aws_route_table.private_nat",
            "module.vpc.aws_route_table.public",
            "module.vpc.aws_route_table_association.private_db",
            "module.vpc.aws_route_table_association.private_eks",
            "module.vpc.aws_route_table_association.public",
            "module.vpc.aws_security_group.eks_sg",
            "module.vpc.aws_security_group.elasticache_sg",
            "module.vpc.aws_security_group.rds_sg",
            "module.vpc.aws_security_group_rule.eks_api_ingress",
            "module.vpc.aws_security_group_rule.eks_egress_internet",
            "module.vpc.aws_security_group_rule.eks_to_rds_mysql",
            "module.vpc.aws_security_group_rule.eks_to_redis",
            "module.vpc.aws_security_group_rule.rds_to_redis",
            "module.vpc.aws_subnet.private_db",
            "module.vpc.aws_subnet.private_eks",
            "module.vpc.aws_subnet.public",
            "module.vpc.aws_vpc.main"
          ]
        }
      ]
    },
    {
      "module": "module.rds",
      "mode": "managed",
      "type": "aws_rds_cluster",
      "name": "aurora",
      "provider": "provider[\"registry.terraform.io/hashicorp/aws\"]",
      "instances": [
        {
          "schema_version": 1,
          "attributes": {
            "allocated_storage": 1,
            "allow_major_version_upgrade": null,
            "apply_immediately": true,
            "arn": "arn:aws:rds:ap-northeast-2:034362047320:cluster:aurora-mysql-cluster",
            "availability_zones": [
              "ap-northeast-2a",
              "ap-northeast-2b",
              "ap-northeast-2c"
            ],
            "backtrack_window": 0,
            "backup_retention_period": 7,
            "ca_certificate_identifier": null,
            "ca_certificate_valid_till": null,
            "cluster_identifier": "aurora-mysql-cluster",
            "cluster_identifier_prefix": "",
            "cluster_members": [],
            "cluster_resource_id": "cluster-HBCMC4KAV2SG5GGFYJIW74M7MQ",
            "copy_tags_to_snapshot": false,
            "database_name": "test",
            "db_cluster_instance_class": "",
            "db_cluster_parameter_group_name": "default.aurora-mysql8.0",
            "db_instance_parameter_group_name": null,
            "db_subnet_group_name": "aurora-subnet-group",
            "db_system_id": "",
            "delete_automated_backups": true,
            "deletion_protection": false,
            "domain": "",
            "domain_iam_role_name": "",
            "enable_global_write_forwarding": false,
            "enable_http_endpoint": false,
            "enable_local_write_forwarding": false,
            "enabled_cloudwatch_logs_exports": null,
            "endpoint": "aurora-mysql-cluster.cluster-cxc2mkao053o.ap-northeast-2.rds.amazonaws.com",
            "engine": "aurora-mysql",
            "engine_lifecycle_support": "open-source-rds-extended-support",
            "engine_mode": "provisioned",
            "engine_version": "8.0.mysql_aurora.3.04.0",
            "engine_version_actual": "8.0.mysql_aurora.3.04.0",
            "final_snapshot_identifier": null,
            "global_cluster_identifier": "",
            "hosted_zone_id": "ZLA2NUCOLGUUR",
            "iam_database_authentication_enabled": false,
            "iam_roles": [],
            "id": "aurora-mysql-cluster",
            "iops": 0,
            "kms_key_id": "arn:aws:kms:ap-northeast-2:034362047320:key/b6b14442-9914-4240-b8a3-e2f0b5e2467c",
            "manage_master_user_password": null,
            "master_password": "11111111",
            "master_password_wo": null,
            "master_password_wo_version": null,
            "master_user_secret": [],
            "master_user_secret_kms_key_id": null,
            "master_username": "admin",
            "monitoring_interval": 0,
            "monitoring_role_arn": "",
            "network_type": "IPV4",
            "performance_insights_enabled": false,
            "performance_insights_kms_key_id": "",
            "performance_insights_retention_period": 0,
            "port": 3306,
            "preferred_backup_window": "19:08-19:38",
            "preferred_maintenance_window": "wed:17:13-wed:17:43",
            "reader_endpoint": "aurora-mysql-cluster.cluster-ro-cxc2mkao053o.ap-northeast-2.rds.amazonaws.com",
            "replication_source_identifier": "",
            "restore_to_point_in_time": [],
            "s3_import": [],
            "scaling_configuration": [],
            "serverlessv2_scaling_configuration": [
              {
                "max_capacity": 4,
                "min_capacity": 0.5,
                "seconds_until_auto_pause": 0
              }
            ],
            "skip_final_snapshot": true,
            "snapshot_identifier": null,
            "source_region": null,
            "storage_encrypted": true,
            "storage_type": "",
            "tags": null,
            "tags_all": {},
            "timeouts": null,
            "vpc_security_group_ids": [
              "sg-0b901c0519b9e3e20"
            ]
          },
          "sensitive_attributes": [],
          "private": "eyJlMmJmYjczMC1lY2FhLTExZTYtOGY4OC0zNDM2M2JjN2M0YzAiOnsiY3JlYXRlIjo3MjAwMDAwMDAwMDAwLCJkZWxldGUiOjcyMDAwMDAwMDAwMDAsInVwZGF0ZSI6NzIwMDAwMDAwMDAwMH0sInNjaGVtYV92ZXJzaW9uIjoiMSJ9",
          "dependencies": [
            "module.rds.aws_db_subnet_group.aurora_subnet_group",
            "module.vpc.aws_eip.nat",
            "module.vpc.aws_internet_gateway.igw",
            "module.vpc.aws_nat_gateway.nat",
            "module.vpc.aws_route.public_internet_access",
            "module.vpc.aws_route_table.private_db",
            "module.vpc.aws_route_table.private_nat",
            "module.vpc.aws_route_table.public",
            "module.vpc.aws_route_table_association.private_db",
            "module.vpc.aws_route_table_association.private_eks",
            "module.vpc.aws_route_table_association.public",
            "module.vpc.aws_security_group.eks_sg",
            "module.vpc.aws_security_group.elasticache_sg",
            "module.vpc.aws_security_group.rds_sg",
            "module.vpc.aws_security_group_rule.eks_api_ingress",
            "module.vpc.aws_security_group_rule.eks_egress_internet",
            "module.vpc.aws_security_group_rule.eks_to_rds_mysql",
            "module.vpc.aws_security_group_rule.eks_to_redis",
            "module.vpc.aws_security_group_rule.rds_to_redis",
            "module.vpc.aws_subnet.private_db",
            "module.vpc.aws_subnet.private_eks",
            "module.vpc.aws_subnet.public",
            "module.vpc.aws_vpc.main"
          ]
        }
      ]
    },
    {
      "module": "module.vpc",
      "mode": "managed",
      "type": "aws_eip",
      "name": "nat",
      "provider": "provider[\"registry.terraform.io/hashicorp/aws\"]",
      "instances": [
        {
          "index_key": 0,
          "schema_version": 0,
          "attributes": {
            "address": null,
            "allocation_id": "eipalloc-0977795189f4f0d33",
            "arn": "arn:aws:ec2:ap-northeast-2:034362047320:elastic-ip/eipalloc-0977795189f4f0d33",
            "associate_with_private_ip": null,
            "association_id": "",
            "carrier_ip": "",
            "customer_owned_ip": "",
            "customer_owned_ipv4_pool": "",
            "domain": "vpc",
            "id": "eipalloc-0977795189f4f0d33",
            "instance": "",
            "ipam_pool_id": null,
            "network_border_group": "ap-northeast-2",
            "network_interface": "",
            "private_dns": null,
            "private_ip": "",
            "ptr_record": "",
            "public_dns": "ec2-13-209-92-56.ap-northeast-2.compute.amazonaws.com",
            "public_ip": "13.209.92.56",
            "public_ipv4_pool": "amazon",
            "tags": null,
            "tags_all": {},
            "timeouts": null,
            "vpc": true
          },
          "sensitive_attributes": [],
          "private": "eyJlMmJmYjczMC1lY2FhLTExZTYtOGY4OC0zNDM2M2JjN2M0YzAiOnsiZGVsZXRlIjoxODAwMDAwMDAwMDAsInJlYWQiOjkwMDAwMDAwMDAwMCwidXBkYXRlIjozMDAwMDAwMDAwMDB9fQ==",
          "dependencies": [
            "module.vpc.aws_internet_gateway.igw",
            "module.vpc.aws_subnet.public",
            "module.vpc.aws_vpc.main"
          ]
        },
        {
          "index_key": 1,
          "schema_version": 0,
          "attributes": {
            "address": null,
            "allocation_id": "eipalloc-0282866d3da95307a",
            "arn": "arn:aws:ec2:ap-northeast-2:034362047320:elastic-ip/eipalloc-0282866d3da95307a",
            "associate_with_private_ip": null,
            "association_id": "",
            "carrier_ip": "",
            "customer_owned_ip": "",
            "customer_owned_ipv4_pool": "",
            "domain": "vpc",
            "id": "eipalloc-0282866d3da95307a",
            "instance": "",
            "ipam_pool_id": null,
            "network_border_group": "ap-northeast-2",
            "network_interface": "",
            "private_dns": null,
            "private_ip": "",
            "ptr_record": "",
            "public_dns": "ec2-43-200-14-211.ap-northeast-2.compute.amazonaws.com",
            "public_ip": "43.200.14.211",
            "public_ipv4_pool": "amazon",
            "tags": null,
            "tags_all": {},
            "timeouts": null,
            "vpc": true
          },
          "sensitive_attributes": [],
          "private": "eyJlMmJmYjczMC1lY2FhLTExZTYtOGY4OC0zNDM2M2JjN2M0YzAiOnsiZGVsZXRlIjoxODAwMDAwMDAwMDAsInJlYWQiOjkwMDAwMDAwMDAwMCwidXBkYXRlIjozMDAwMDAwMDAwMDB9fQ==",
          "dependencies": [
            "module.vpc.aws_internet_gateway.igw",
            "module.vpc.aws_subnet.public",
            "module.vpc.aws_vpc.main"
          ]
        }
      ]
    },
    {
      "module": "module.vpc",
      "mode": "managed",
      "type": "aws_internet_gateway",
      "name": "igw",
      "provider": "provider[\"registry.terraform.io/hashicorp/aws\"]",
      "instances": [
        {
          "schema_version": 0,
          "attributes": {
            "arn": "arn:aws:ec2:ap-northeast-2:034362047320:internet-gateway/igw-0c0bec25359514ae1",
            "id": "igw-0c0bec25359514ae1",
            "owner_id": "034362047320",
            "tags": {
              "Name": "eks-internet-gateway"
            },
            "tags_all": {
              "Name": "eks-internet-gateway"
            },
            "timeouts": null,
            "vpc_id": "vpc-0fdc851f6149b76cb"
          },
          "sensitive_attributes": [],
          "private": "eyJlMmJmYjczMC1lY2FhLTExZTYtOGY4OC0zNDM2M2JjN2M0YzAiOnsiY3JlYXRlIjoxMjAwMDAwMDAwMDAwLCJkZWxldGUiOjEyMDAwMDAwMDAwMDAsInVwZGF0ZSI6MTIwMDAwMDAwMDAwMH19",
          "dependencies": [
            "module.vpc.aws_vpc.main"
          ]
        }
      ]
    },
    {
      "module": "module.vpc",
      "mode": "managed",
      "type": "aws_nat_gateway",
      "name": "nat",
      "provider": "provider[\"registry.terraform.io/hashicorp/aws\"]",
      "instances": [
        {
          "index_key": 0,
          "schema_version": 0,
          "attributes": {
            "allocation_id": "eipalloc-0977795189f4f0d33",
            "association_id": "eipassoc-06efdc9f16f644348",
            "connectivity_type": "public",
            "id": "nat-036b1810d61d9f00a",
            "network_interface_id": "eni-089eb63a77e2082b3",
            "private_ip": "10.0.1.150",
            "public_ip": "13.209.92.56",
            "secondary_allocation_ids": null,
            "secondary_private_ip_address_count": 0,
            "secondary_private_ip_addresses": [],
            "subnet_id": "subnet-08ecefd3a7f550a20",
            "tags": {
              "Name": "eks-nat-gateway-0"
            },
            "tags_all": {
              "Name": "eks-nat-gateway-0"
            },
            "timeouts": null
          },
          "sensitive_attributes": [],
          "private": "eyJlMmJmYjczMC1lY2FhLTExZTYtOGY4OC0zNDM2M2JjN2M0YzAiOnsiY3JlYXRlIjo2MDAwMDAwMDAwMDAsImRlbGV0ZSI6MTgwMDAwMDAwMDAwMCwidXBkYXRlIjo2MDAwMDAwMDAwMDB9fQ==",
          "dependencies": [
            "module.vpc.aws_eip.nat",
            "module.vpc.aws_internet_gateway.igw",
            "module.vpc.aws_subnet.public",
            "module.vpc.aws_vpc.main"
          ]
        },
        {
          "index_key": 1,
          "schema_version": 0,
          "attributes": {
            "allocation_id": "eipalloc-0282866d3da95307a",
            "association_id": "eipassoc-0a46aeef5aeb3f58c",
            "connectivity_type": "public",
            "id": "nat-0158f5cd55634e57e",
            "network_interface_id": "eni-0cc3f6346052c35e6",
            "private_ip": "10.0.11.124",
            "public_ip": "43.200.14.211",
            "secondary_allocation_ids": null,
            "secondary_private_ip_address_count": 0,
            "secondary_private_ip_addresses": [],
            "subnet_id": "subnet-071691c47b61031c5",
            "tags": {
              "Name": "eks-nat-gateway-1"
            },
            "tags_all": {
              "Name": "eks-nat-gateway-1"
            },
            "timeouts": null
          },
          "sensitive_attributes": [],
          "private": "eyJlMmJmYjczMC1lY2FhLTExZTYtOGY4OC0zNDM2M2JjN2M0YzAiOnsiY3JlYXRlIjo2MDAwMDAwMDAwMDAsImRlbGV0ZSI6MTgwMDAwMDAwMDAwMCwidXBkYXRlIjo2MDAwMDAwMDAwMDB9fQ==",
          "dependencies": [
            "module.vpc.aws_eip.nat",
            "module.vpc.aws_internet_gateway.igw",
            "module.vpc.aws_subnet.public",
            "module.vpc.aws_vpc.main"
          ]
        }
      ]
    },
    {
      "module": "module.vpc",
      "mode": "managed",
      "type": "aws_route",
      "name": "public_internet_access",
      "provider": "provider[\"registry.terraform.io/hashicorp/aws\"]",
      "instances": [
        {
          "schema_version": 0,
          "attributes": {
            "carrier_gateway_id": "",
            "core_network_arn": "",
            "destination_cidr_block": "0.0.0.0/0",
            "destination_ipv6_cidr_block": "",
            "destination_prefix_list_id": "",
            "egress_only_gateway_id": "",
            "gateway_id": "igw-0c0bec25359514ae1",
            "id": "r-rtb-048dc536a1fa292431080289494",
            "instance_id": "",
            "instance_owner_id": "",
            "local_gateway_id": "",
            "nat_gateway_id": "",
            "network_interface_id": "",
            "origin": "CreateRoute",
            "route_table_id": "rtb-048dc536a1fa29243",
            "state": "active",
            "timeouts": null,
            "transit_gateway_id": "",
            "vpc_endpoint_id": "",
            "vpc_peering_connection_id": ""
          },
          "sensitive_attributes": [],
          "private": "eyJlMmJmYjczMC1lY2FhLTExZTYtOGY4OC0zNDM2M2JjN2M0YzAiOnsiY3JlYXRlIjozMDAwMDAwMDAwMDAsImRlbGV0ZSI6MzAwMDAwMDAwMDAwLCJ1cGRhdGUiOjEyMDAwMDAwMDAwMH19",
          "dependencies": [
            "module.vpc.aws_internet_gateway.igw",
            "module.vpc.aws_route_table.public",
            "module.vpc.aws_vpc.main"
          ]
        }
      ]
    },
    {
      "module": "module.vpc",
      "mode": "managed",
      "type": "aws_route_table",
      "name": "private_db",
      "provider": "provider[\"registry.terraform.io/hashicorp/aws\"]",
      "instances": [
        {
          "schema_version": 0,
          "attributes": {
            "arn": "arn:aws:ec2:ap-northeast-2:034362047320:route-table/rtb-0569249b07fda61b2",
            "id": "rtb-0569249b07fda61b2",
            "owner_id": "034362047320",
            "propagating_vgws": [],
            "route": [],
            "tags": {
              "Name": "private-db-route-table"
            },
            "tags_all": {
              "Name": "private-db-route-table"
            },
            "timeouts": null,
            "vpc_id": "vpc-0fdc851f6149b76cb"
          },
          "sensitive_attributes": [],
          "private": "eyJlMmJmYjczMC1lY2FhLTExZTYtOGY4OC0zNDM2M2JjN2M0YzAiOnsiY3JlYXRlIjozMDAwMDAwMDAwMDAsImRlbGV0ZSI6MzAwMDAwMDAwMDAwLCJ1cGRhdGUiOjEyMDAwMDAwMDAwMH19",
          "dependencies": [
            "module.vpc.aws_vpc.main"
          ]
        }
      ]
    },
    {
      "module": "module.vpc",
      "mode": "managed",
      "type": "aws_route_table",
      "name": "private_nat",
      "provider": "provider[\"registry.terraform.io/hashicorp/aws\"]",
      "instances": [
        {
          "index_key": 0,
          "schema_version": 0,
          "attributes": {
            "arn": "arn:aws:ec2:ap-northeast-2:034362047320:route-table/rtb-072af0fb0cf1a934b",
            "id": "rtb-072af0fb0cf1a934b",
            "owner_id": "034362047320",
            "propagating_vgws": [],
            "route": [
              {
                "carrier_gateway_id": "",
                "cidr_block": "0.0.0.0/0",
                "core_network_arn": "",
                "destination_prefix_list_id": "",
                "egress_only_gateway_id": "",
                "gateway_id": "",
                "ipv6_cidr_block": "",
                "local_gateway_id": "",
                "nat_gateway_id": "nat-036b1810d61d9f00a",
                "network_interface_id": "",
                "transit_gateway_id": "",
                "vpc_endpoint_id": "",
                "vpc_peering_connection_id": ""
              }
            ],
            "tags": {
              "Name": "private-nat-route-table-0"
            },
            "tags_all": {
              "Name": "private-nat-route-table-0"
            },
            "timeouts": null,
            "vpc_id": "vpc-0fdc851f6149b76cb"
          },
          "sensitive_attributes": [],
          "private": "eyJlMmJmYjczMC1lY2FhLTExZTYtOGY4OC0zNDM2M2JjN2M0YzAiOnsiY3JlYXRlIjozMDAwMDAwMDAwMDAsImRlbGV0ZSI6MzAwMDAwMDAwMDAwLCJ1cGRhdGUiOjEyMDAwMDAwMDAwMH19",
          "dependencies": [
            "module.vpc.aws_eip.nat",
            "module.vpc.aws_internet_gateway.igw",
            "module.vpc.aws_nat_gateway.nat",
            "module.vpc.aws_subnet.private_eks",
            "module.vpc.aws_subnet.public",
            "module.vpc.aws_vpc.main"
          ]
        },
        {
          "index_key": 1,
          "schema_version": 0,
          "attributes": {
            "arn": "arn:aws:ec2:ap-northeast-2:034362047320:route-table/rtb-09d746657fd257394",
            "id": "rtb-09d746657fd257394",
            "owner_id": "034362047320",
            "propagating_vgws": [],
            "route": [
              {
                "carrier_gateway_id": "",
                "cidr_block": "0.0.0.0/0",
                "core_network_arn": "",
                "destination_prefix_list_id": "",
                "egress_only_gateway_id": "",
                "gateway_id": "",
                "ipv6_cidr_block": "",
                "local_gateway_id": "",
                "nat_gateway_id": "nat-0158f5cd55634e57e",
                "network_interface_id": "",
                "transit_gateway_id": "",
                "vpc_endpoint_id": "",
                "vpc_peering_connection_id": ""
              }
            ],
            "tags": {
              "Name": "private-nat-route-table-1"
            },
            "tags_all": {
              "Name": "private-nat-route-table-1"
            },
            "timeouts": null,
            "vpc_id": "vpc-0fdc851f6149b76cb"
          },
          "sensitive_attributes": [],
          "private": "eyJlMmJmYjczMC1lY2FhLTExZTYtOGY4OC0zNDM2M2JjN2M0YzAiOnsiY3JlYXRlIjozMDAwMDAwMDAwMDAsImRlbGV0ZSI6MzAwMDAwMDAwMDAwLCJ1cGRhdGUiOjEyMDAwMDAwMDAwMH19",
          "dependencies": [
            "module.vpc.aws_eip.nat",
            "module.vpc.aws_internet_gateway.igw",
            "module.vpc.aws_nat_gateway.nat",
            "module.vpc.aws_subnet.private_eks",
            "module.vpc.aws_subnet.public",
            "module.vpc.aws_vpc.main"
          ]
        }
      ]
    },
    {
      "module": "module.vpc",
      "mode": "managed",
      "type": "aws_route_table",
      "name": "public",
      "provider": "provider[\"registry.terraform.io/hashicorp/aws\"]",
      "instances": [
        {
          "schema_version": 0,
          "attributes": {
            "arn": "arn:aws:ec2:ap-northeast-2:034362047320:route-table/rtb-048dc536a1fa29243",
            "id": "rtb-048dc536a1fa29243",
            "owner_id": "034362047320",
            "propagating_vgws": [],
            "route": [],
            "tags": {
              "Name": "public-route-table"
            },
            "tags_all": {
              "Name": "public-route-table"
            },
            "timeouts": null,
            "vpc_id": "vpc-0fdc851f6149b76cb"
          },
          "sensitive_attributes": [],
          "private": "eyJlMmJmYjczMC1lY2FhLTExZTYtOGY4OC0zNDM2M2JjN2M0YzAiOnsiY3JlYXRlIjozMDAwMDAwMDAwMDAsImRlbGV0ZSI6MzAwMDAwMDAwMDAwLCJ1cGRhdGUiOjEyMDAwMDAwMDAwMH19",
          "dependencies": [
            "module.vpc.aws_vpc.main"
          ]
        }
      ]
    },
    {
      "module": "module.vpc",
      "mode": "managed",
      "type": "aws_route_table_association",
      "name": "private_db",
      "provider": "provider[\"registry.terraform.io/hashicorp/aws\"]",
      "instances": [
        {
          "index_key": 0,
          "schema_version": 0,
          "attributes": {
            "gateway_id": "",
            "id": "rtbassoc-049a7fb2129e106b7",
            "route_table_id": "rtb-0569249b07fda61b2",
            "subnet_id": "subnet-0190a991754621cd3",
            "timeouts": null
          },
          "sensitive_attributes": [],
          "private": "eyJlMmJmYjczMC1lY2FhLTExZTYtOGY4OC0zNDM2M2JjN2M0YzAiOnsiY3JlYXRlIjozMDAwMDAwMDAwMDAsImRlbGV0ZSI6MzAwMDAwMDAwMDAwLCJ1cGRhdGUiOjEyMDAwMDAwMDAwMH19",
          "dependencies": [
            "module.vpc.aws_route_table.private_db",
            "module.vpc.aws_subnet.private_db",
            "module.vpc.aws_vpc.main"
          ]
        },
        {
          "index_key": 1,
          "schema_version": 0,
          "attributes": {
            "gateway_id": "",
            "id": "rtbassoc-0536b7d2db6d6793b",
            "route_table_id": "rtb-0569249b07fda61b2",
            "subnet_id": "subnet-0ee0d4cbf4d654619",
            "timeouts": null
          },
          "sensitive_attributes": [],
          "private": "eyJlMmJmYjczMC1lY2FhLTExZTYtOGY4OC0zNDM2M2JjN2M0YzAiOnsiY3JlYXRlIjozMDAwMDAwMDAwMDAsImRlbGV0ZSI6MzAwMDAwMDAwMDAwLCJ1cGRhdGUiOjEyMDAwMDAwMDAwMH19",
          "dependencies": [
            "module.vpc.aws_route_table.private_db",
            "module.vpc.aws_subnet.private_db",
            "module.vpc.aws_vpc.main"
          ]
        }
      ]
    },
    {
      "module": "module.vpc",
      "mode": "managed",
      "type": "aws_route_table_association",
      "name": "private_eks",
      "provider": "provider[\"registry.terraform.io/hashicorp/aws\"]",
      "instances": [
        {
          "index_key": 0,
          "schema_version": 0,
          "attributes": {
            "gateway_id": "",
            "id": "rtbassoc-0a4535fbd42addb78",
            "route_table_id": "rtb-072af0fb0cf1a934b",
            "subnet_id": "subnet-0f1af3ebf99b96ab5",
            "timeouts": null
          },
          "sensitive_attributes": [],
          "private": "eyJlMmJmYjczMC1lY2FhLTExZTYtOGY4OC0zNDM2M2JjN2M0YzAiOnsiY3JlYXRlIjozMDAwMDAwMDAwMDAsImRlbGV0ZSI6MzAwMDAwMDAwMDAwLCJ1cGRhdGUiOjEyMDAwMDAwMDAwMH19",
          "dependencies": [
            "module.vpc.aws_eip.nat",
            "module.vpc.aws_internet_gateway.igw",
            "module.vpc.aws_nat_gateway.nat",
            "module.vpc.aws_route_table.private_nat",
            "module.vpc.aws_subnet.private_eks",
            "module.vpc.aws_subnet.public",
            "module.vpc.aws_vpc.main"
          ]
        },
        {
          "index_key": 1,
          "schema_version": 0,
          "attributes": {
            "gateway_id": "",
            "id": "rtbassoc-01c03fbd56e91e021",
            "route_table_id": "rtb-09d746657fd257394",
            "subnet_id": "subnet-094c50ac23f18d65c",
            "timeouts": null
          },
          "sensitive_attributes": [],
          "private": "eyJlMmJmYjczMC1lY2FhLTExZTYtOGY4OC0zNDM2M2JjN2M0YzAiOnsiY3JlYXRlIjozMDAwMDAwMDAwMDAsImRlbGV0ZSI6MzAwMDAwMDAwMDAwLCJ1cGRhdGUiOjEyMDAwMDAwMDAwMH19",
          "dependencies": [
            "module.vpc.aws_eip.nat",
            "module.vpc.aws_internet_gateway.igw",
            "module.vpc.aws_nat_gateway.nat",
            "module.vpc.aws_route_table.private_nat",
            "module.vpc.aws_subnet.private_eks",
            "module.vpc.aws_subnet.public",
            "module.vpc.aws_vpc.main"
          ]
        }
      ]
    },
    {
      "module": "module.vpc",
      "mode": "managed",
      "type": "aws_route_table_association",
      "name": "public",
      "provider": "provider[\"registry.terraform.io/hashicorp/aws\"]",
      "instances": [
        {
          "index_key": 0,
          "schema_version": 0,
          "attributes": {
            "gateway_id": "",
            "id": "rtbassoc-087135096015ccf87",
            "route_table_id": "rtb-048dc536a1fa29243",
            "subnet_id": "subnet-08ecefd3a7f550a20",
            "timeouts": null
          },
          "sensitive_attributes": [],
          "private": "eyJlMmJmYjczMC1lY2FhLTExZTYtOGY4OC0zNDM2M2JjN2M0YzAiOnsiY3JlYXRlIjozMDAwMDAwMDAwMDAsImRlbGV0ZSI6MzAwMDAwMDAwMDAwLCJ1cGRhdGUiOjEyMDAwMDAwMDAwMH19",
          "dependencies": [
            "module.vpc.aws_route_table.public",
            "module.vpc.aws_subnet.public",
            "module.vpc.aws_vpc.main"
          ]
        },
        {
          "index_key": 1,
          "schema_version": 0,
          "attributes": {
            "gateway_id": "",
            "id": "rtbassoc-0d52aca413895b79b",
            "route_table_id": "rtb-048dc536a1fa29243",
            "subnet_id": "subnet-071691c47b61031c5",
            "timeouts": null
          },
          "sensitive_attributes": [],
          "private": "eyJlMmJmYjczMC1lY2FhLTExZTYtOGY4OC0zNDM2M2JjN2M0YzAiOnsiY3JlYXRlIjozMDAwMDAwMDAwMDAsImRlbGV0ZSI6MzAwMDAwMDAwMDAwLCJ1cGRhdGUiOjEyMDAwMDAwMDAwMH19",
          "dependencies": [
            "module.vpc.aws_route_table.public",
            "module.vpc.aws_subnet.public",
            "module.vpc.aws_vpc.main"
          ]
        }
      ]
    },
    {
      "module": "module.vpc",
      "mode": "managed",
      "type": "aws_security_group",
      "name": "eks_sg",
      "provider": "provider[\"registry.terraform.io/hashicorp/aws\"]",
      "instances": [
        {
          "schema_version": 1,
          "attributes": {
            "arn": "arn:aws:ec2:ap-northeast-2:034362047320:security-group/sg-0e17803406da532ba",
            "description": "Security Group for EKS Worker Nodes",
            "egress": [],
            "id": "sg-0e17803406da532ba",
            "ingress": [],
            "name": "eks-sg",
            "name_prefix": "",
            "owner_id": "034362047320",
            "revoke_rules_on_delete": false,
            "tags": null,
            "tags_all": {},
            "timeouts": null,
            "vpc_id": "vpc-0fdc851f6149b76cb"
          },
          "sensitive_attributes": [],
          "private": "eyJlMmJmYjczMC1lY2FhLTExZTYtOGY4OC0zNDM2M2JjN2M0YzAiOnsiY3JlYXRlIjo2MDAwMDAwMDAwMDAsImRlbGV0ZSI6OTAwMDAwMDAwMDAwfSwic2NoZW1hX3ZlcnNpb24iOiIxIn0=",
          "dependencies": [
            "module.vpc.aws_vpc.main"
          ]
        }
      ]
    },
    {
      "module": "module.vpc",
      "mode": "managed",
      "type": "aws_security_group",
      "name": "elasticache_sg",
      "provider": "provider[\"registry.terraform.io/hashicorp/aws\"]",
      "instances": [
        {
          "schema_version": 1,
          "attributes": {
            "arn": "arn:aws:ec2:ap-northeast-2:034362047320:security-group/sg-0ef1bbc0f7c3f5751",
            "description": "Security Group for ElastiCache",
            "egress": [],
            "id": "sg-0ef1bbc0f7c3f5751",
            "ingress": [],
            "name": "elasticache-sg",
            "name_prefix": "",
            "owner_id": "034362047320",
            "revoke_rules_on_delete": false,
            "tags": null,
            "tags_all": {},
            "timeouts": null,
            "vpc_id": "vpc-0fdc851f6149b76cb"
          },
          "sensitive_attributes": [],
          "private": "eyJlMmJmYjczMC1lY2FhLTExZTYtOGY4OC0zNDM2M2JjN2M0YzAiOnsiY3JlYXRlIjo2MDAwMDAwMDAwMDAsImRlbGV0ZSI6OTAwMDAwMDAwMDAwfSwic2NoZW1hX3ZlcnNpb24iOiIxIn0=",
          "dependencies": [
            "module.vpc.aws_vpc.main"
          ]
        }
      ]
    },
    {
      "module": "module.vpc",
      "mode": "managed",
      "type": "aws_security_group",
      "name": "rds_sg",
      "provider": "provider[\"registry.terraform.io/hashicorp/aws\"]",
      "instances": [
        {
          "schema_version": 1,
          "attributes": {
            "arn": "arn:aws:ec2:ap-northeast-2:034362047320:security-group/sg-0b901c0519b9e3e20",
            "description": "Security Group for RDS",
            "egress": [],
            "id": "sg-0b901c0519b9e3e20",
            "ingress": [],
            "name": "rds-sg",
            "name_prefix": "",
            "owner_id": "034362047320",
            "revoke_rules_on_delete": false,
            "tags": null,
            "tags_all": {},
            "timeouts": null,
            "vpc_id": "vpc-0fdc851f6149b76cb"
          },
          "sensitive_attributes": [],
          "private": "eyJlMmJmYjczMC1lY2FhLTExZTYtOGY4OC0zNDM2M2JjN2M0YzAiOnsiY3JlYXRlIjo2MDAwMDAwMDAwMDAsImRlbGV0ZSI6OTAwMDAwMDAwMDAwfSwic2NoZW1hX3ZlcnNpb24iOiIxIn0=",
          "dependencies": [
            "module.vpc.aws_vpc.main"
          ]
        }
      ]
    },
    {
      "module": "module.vpc",
      "mode": "managed",
      "type": "aws_security_group_rule",
      "name": "eks_api_ingress",
      "provider": "provider[\"registry.terraform.io/hashicorp/aws\"]",
      "instances": [
        {
          "schema_version": 2,
          "attributes": {
            "cidr_blocks": [
              "0.0.0.0/0"
            ],
            "description": "Allow kubectl access to EKS API server",
            "from_port": 443,
            "id": "sgrule-1608721285",
            "ipv6_cidr_blocks": null,
            "prefix_list_ids": null,
            "protocol": "tcp",
            "security_group_id": "sg-0e17803406da532ba",
            "security_group_rule_id": "sgr-0b6dad9634f4a7dbe",
            "self": false,
            "source_security_group_id": null,
            "timeouts": null,
            "to_port": 443,
            "type": "ingress"
          },
          "sensitive_attributes": [],
          "private": "eyJlMmJmYjczMC1lY2FhLTExZTYtOGY4OC0zNDM2M2JjN2M0YzAiOnsiY3JlYXRlIjozMDAwMDAwMDAwMDB9LCJzY2hlbWFfdmVyc2lvbiI6IjIifQ==",
          "dependencies": [
            "module.vpc.aws_security_group.eks_sg",
            "module.vpc.aws_vpc.main"
          ]
        }
      ]
    },
    {
      "module": "module.vpc",
      "mode": "managed",
      "type": "aws_security_group_rule",
      "name": "eks_egress_internet",
      "provider": "provider[\"registry.terraform.io/hashicorp/aws\"]",
      "instances": [
        {
          "schema_version": 2,
          "attributes": {
            "cidr_blocks": [
              "0.0.0.0/0"
            ],
            "description": "Allow EKS worker nodes to access the Internet via NAT Gateway",
            "from_port": 0,
            "id": "sgrule-3881812528",
            "ipv6_cidr_blocks": null,
            "prefix_list_ids": null,
            "protocol": "-1",
            "security_group_id": "sg-0e17803406da532ba",
            "security_group_rule_id": "sgr-0728d3aed5ca2ad73",
            "self": false,
            "source_security_group_id": null,
            "timeouts": null,
            "to_port": 0,
            "type": "egress"
          },
          "sensitive_attributes": [],
          "private": "eyJlMmJmYjczMC1lY2FhLTExZTYtOGY4OC0zNDM2M2JjN2M0YzAiOnsiY3JlYXRlIjozMDAwMDAwMDAwMDB9LCJzY2hlbWFfdmVyc2lvbiI6IjIifQ==",
          "dependencies": [
            "module.vpc.aws_security_group.eks_sg",
            "module.vpc.aws_vpc.main"
          ]
        }
      ]
    },
    {
      "module": "module.vpc",
      "mode": "managed",
      "type": "aws_security_group_rule",
      "name": "eks_to_rds_mysql",
      "provider": "provider[\"registry.terraform.io/hashicorp/aws\"]",
      "instances": [
        {
          "schema_version": 2,
          "attributes": {
            "cidr_blocks": null,
            "description": "Allow EKS to access RDS MySQL",
            "from_port": 3306,
            "id": "sgrule-958788534",
            "ipv6_cidr_blocks": null,
            "prefix_list_ids": null,
            "protocol": "tcp",
            "security_group_id": "sg-0e17803406da532ba",
            "security_group_rule_id": "sgr-06c1b64cb313d3d60",
            "self": false,
            "source_security_group_id": "sg-0b901c0519b9e3e20",
            "timeouts": null,
            "to_port": 3306,
            "type": "egress"
          },
          "sensitive_attributes": [],
          "private": "eyJlMmJmYjczMC1lY2FhLTExZTYtOGY4OC0zNDM2M2JjN2M0YzAiOnsiY3JlYXRlIjozMDAwMDAwMDAwMDB9LCJzY2hlbWFfdmVyc2lvbiI6IjIifQ==",
          "dependencies": [
            "module.vpc.aws_security_group.eks_sg",
            "module.vpc.aws_security_group.rds_sg",
            "module.vpc.aws_vpc.main"
          ]
        }
      ]
    },
    {
      "module": "module.vpc",
      "mode": "managed",
      "type": "aws_security_group_rule",
      "name": "eks_to_redis",
      "provider": "provider[\"registry.terraform.io/hashicorp/aws\"]",
      "instances": [
        {
          "schema_version": 2,
          "attributes": {
            "cidr_blocks": null,
            "description": "Allow EKS to access Redis",
            "from_port": 6379,
            "id": "sgrule-2456579219",
            "ipv6_cidr_blocks": null,
            "prefix_list_ids": null,
            "protocol": "tcp",
            "security_group_id": "sg-0e17803406da532ba",
            "security_group_rule_id": "sgr-015c681a798829e00",
            "self": false,
            "source_security_group_id": "sg-0ef1bbc0f7c3f5751",
            "timeouts": null,
            "to_port": 6379,
            "type": "egress"
          },
          "sensitive_attributes": [],
          "private": "eyJlMmJmYjczMC1lY2FhLTExZTYtOGY4OC0zNDM2M2JjN2M0YzAiOnsiY3JlYXRlIjozMDAwMDAwMDAwMDB9LCJzY2hlbWFfdmVyc2lvbiI6IjIifQ==",
          "dependencies": [
            "module.vpc.aws_security_group.eks_sg",
            "module.vpc.aws_security_group.elasticache_sg",
            "module.vpc.aws_vpc.main"
          ]
        }
      ]
    },
    {
      "module": "module.vpc",
      "mode": "managed",
      "type": "aws_security_group_rule",
      "name": "rds_to_redis",
      "provider": "provider[\"registry.terraform.io/hashicorp/aws\"]",
      "instances": [
        {
          "schema_version": 2,
          "attributes": {
            "cidr_blocks": null,
            "description": "Allow RDS to access Redis",
            "from_port": 6379,
            "id": "sgrule-14714410",
            "ipv6_cidr_blocks": null,
            "prefix_list_ids": null,
            "protocol": "tcp",
            "security_group_id": "sg-0b901c0519b9e3e20",
            "security_group_rule_id": "sgr-06a09dd5222481748",
            "self": false,
            "source_security_group_id": "sg-0ef1bbc0f7c3f5751",
            "timeouts": null,
            "to_port": 6379,
            "type": "egress"
          },
          "sensitive_attributes": [],
          "private": "eyJlMmJmYjczMC1lY2FhLTExZTYtOGY4OC0zNDM2M2JjN2M0YzAiOnsiY3JlYXRlIjozMDAwMDAwMDAwMDB9LCJzY2hlbWFfdmVyc2lvbiI6IjIifQ==",
          "dependencies": [
            "module.vpc.aws_security_group.elasticache_sg",
            "module.vpc.aws_security_group.rds_sg",
            "module.vpc.aws_vpc.main"
          ]
        }
      ]
    },
    {
      "module": "module.vpc",
      "mode": "managed",
      "type": "aws_subnet",
      "name": "private_db",
      "provider": "provider[\"registry.terraform.io/hashicorp/aws\"]",
      "instances": [
        {
          "index_key": 0,
          "schema_version": 1,
          "attributes": {
            "arn": "arn:aws:ec2:ap-northeast-2:034362047320:subnet/subnet-0190a991754621cd3",
            "assign_ipv6_address_on_creation": false,
            "availability_zone": "ap-northeast-2a",
            "availability_zone_id": "apne2-az1",
            "cidr_block": "10.0.3.0/24",
            "customer_owned_ipv4_pool": "",
            "enable_dns64": false,
            "enable_lni_at_device_index": 0,
            "enable_resource_name_dns_a_record_on_launch": false,
            "enable_resource_name_dns_aaaa_record_on_launch": false,
            "id": "subnet-0190a991754621cd3",
            "ipv6_cidr_block": "",
            "ipv6_cidr_block_association_id": "",
            "ipv6_native": false,
            "map_customer_owned_ip_on_launch": false,
            "map_public_ip_on_launch": false,
            "outpost_arn": "",
            "owner_id": "034362047320",
            "private_dns_hostname_type_on_launch": "ip-name",
            "tags": {
              "Name": "private-db-subnet-0"
            },
            "tags_all": {
              "Name": "private-db-subnet-0"
            },
            "timeouts": null,
            "vpc_id": "vpc-0fdc851f6149b76cb"
          },
          "sensitive_attributes": [],
          "private": "eyJlMmJmYjczMC1lY2FhLTExZTYtOGY4OC0zNDM2M2JjN2M0YzAiOnsiY3JlYXRlIjo2MDAwMDAwMDAwMDAsImRlbGV0ZSI6MTIwMDAwMDAwMDAwMH0sInNjaGVtYV92ZXJzaW9uIjoiMSJ9",
          "dependencies": [
            "module.vpc.aws_vpc.main"
          ]
        },
        {
          "index_key": 1,
          "schema_version": 1,
          "attributes": {
            "arn": "arn:aws:ec2:ap-northeast-2:034362047320:subnet/subnet-0ee0d4cbf4d654619",
            "assign_ipv6_address_on_creation": false,
            "availability_zone": "ap-northeast-2c",
            "availability_zone_id": "apne2-az3",
            "cidr_block": "10.0.31.0/24",
            "customer_owned_ipv4_pool": "",
            "enable_dns64": false,
            "enable_lni_at_device_index": 0,
            "enable_resource_name_dns_a_record_on_launch": false,
            "enable_resource_name_dns_aaaa_record_on_launch": false,
            "id": "subnet-0ee0d4cbf4d654619",
            "ipv6_cidr_block": "",
            "ipv6_cidr_block_association_id": "",
            "ipv6_native": false,
            "map_customer_owned_ip_on_launch": false,
            "map_public_ip_on_launch": false,
            "outpost_arn": "",
            "owner_id": "034362047320",
            "private_dns_hostname_type_on_launch": "ip-name",
            "tags": {
              "Name": "private-db-subnet-1"
            },
            "tags_all": {
              "Name": "private-db-subnet-1"
            },
            "timeouts": null,
            "vpc_id": "vpc-0fdc851f6149b76cb"
          },
          "sensitive_attributes": [],
          "private": "eyJlMmJmYjczMC1lY2FhLTExZTYtOGY4OC0zNDM2M2JjN2M0YzAiOnsiY3JlYXRlIjo2MDAwMDAwMDAwMDAsImRlbGV0ZSI6MTIwMDAwMDAwMDAwMH0sInNjaGVtYV92ZXJzaW9uIjoiMSJ9",
          "dependencies": [
            "module.vpc.aws_vpc.main"
          ]
        }
      ]
    },
    {
      "module": "module.vpc",
      "mode": "managed",
      "type": "aws_subnet",
      "name": "private_eks",
      "provider": "provider[\"registry.terraform.io/hashicorp/aws\"]",
      "instances": [
        {
          "index_key": 0,
          "schema_version": 1,
          "attributes": {
            "arn": "arn:aws:ec2:ap-northeast-2:034362047320:subnet/subnet-0f1af3ebf99b96ab5",
            "assign_ipv6_address_on_creation": false,
            "availability_zone": "ap-northeast-2a",
            "availability_zone_id": "apne2-az1",
            "cidr_block": "10.0.2.0/24",
            "customer_owned_ipv4_pool": "",
            "enable_dns64": false,
            "enable_lni_at_device_index": 0,
            "enable_resource_name_dns_a_record_on_launch": false,
            "enable_resource_name_dns_aaaa_record_on_launch": false,
            "id": "subnet-0f1af3ebf99b96ab5",
            "ipv6_cidr_block": "",
            "ipv6_cidr_block_association_id": "",
            "ipv6_native": false,
            "map_customer_owned_ip_on_launch": false,
            "map_public_ip_on_launch": false,
            "outpost_arn": "",
            "owner_id": "034362047320",
            "private_dns_hostname_type_on_launch": "ip-name",
            "tags": {
              "Name": "private-eks-subnet-0",
              "kubernetes.io/role/internal-elb": "1"
            },
            "tags_all": {
              "Name": "private-eks-subnet-0",
              "kubernetes.io/role/internal-elb": "1"
            },
            "timeouts": null,
            "vpc_id": "vpc-0fdc851f6149b76cb"
          },
          "sensitive_attributes": [],
          "private": "eyJlMmJmYjczMC1lY2FhLTExZTYtOGY4OC0zNDM2M2JjN2M0YzAiOnsiY3JlYXRlIjo2MDAwMDAwMDAwMDAsImRlbGV0ZSI6MTIwMDAwMDAwMDAwMH0sInNjaGVtYV92ZXJzaW9uIjoiMSJ9",
          "dependencies": [
            "module.vpc.aws_vpc.main"
          ]
        },
        {
          "index_key": 1,
          "schema_version": 1,
          "attributes": {
            "arn": "arn:aws:ec2:ap-northeast-2:034362047320:subnet/subnet-094c50ac23f18d65c",
            "assign_ipv6_address_on_creation": false,
            "availability_zone": "ap-northeast-2c",
            "availability_zone_id": "apne2-az3",
            "cidr_block": "10.0.21.0/24",
            "customer_owned_ipv4_pool": "",
            "enable_dns64": false,
            "enable_lni_at_device_index": 0,
            "enable_resource_name_dns_a_record_on_launch": false,
            "enable_resource_name_dns_aaaa_record_on_launch": false,
            "id": "subnet-094c50ac23f18d65c",
            "ipv6_cidr_block": "",
            "ipv6_cidr_block_association_id": "",
            "ipv6_native": false,
            "map_customer_owned_ip_on_launch": false,
            "map_public_ip_on_launch": false,
            "outpost_arn": "",
            "owner_id": "034362047320",
            "private_dns_hostname_type_on_launch": "ip-name",
            "tags": {
              "Name": "private-eks-subnet-1",
              "kubernetes.io/role/internal-elb": "1"
            },
            "tags_all": {
              "Name": "private-eks-subnet-1",
              "kubernetes.io/role/internal-elb": "1"
            },
            "timeouts": null,
            "vpc_id": "vpc-0fdc851f6149b76cb"
          },
          "sensitive_attributes": [],
          "private": "eyJlMmJmYjczMC1lY2FhLTExZTYtOGY4OC0zNDM2M2JjN2M0YzAiOnsiY3JlYXRlIjo2MDAwMDAwMDAwMDAsImRlbGV0ZSI6MTIwMDAwMDAwMDAwMH0sInNjaGVtYV92ZXJzaW9uIjoiMSJ9",
          "dependencies": [
            "module.vpc.aws_vpc.main"
          ]
        }
      ]
    },
    {
      "module": "module.vpc",
      "mode": "managed",
      "type": "aws_subnet",
      "name": "public",
      "provider": "provider[\"registry.terraform.io/hashicorp/aws\"]",
      "instances": [
        {
          "index_key": 0,
          "schema_version": 1,
          "attributes": {
            "arn": "arn:aws:ec2:ap-northeast-2:034362047320:subnet/subnet-08ecefd3a7f550a20",
            "assign_ipv6_address_on_creation": false,
            "availability_zone": "ap-northeast-2a",
            "availability_zone_id": "apne2-az1",
            "cidr_block": "10.0.1.0/24",
            "customer_owned_ipv4_pool": "",
            "enable_dns64": false,
            "enable_lni_at_device_index": 0,
            "enable_resource_name_dns_a_record_on_launch": false,
            "enable_resource_name_dns_aaaa_record_on_launch": false,
            "id": "subnet-08ecefd3a7f550a20",
            "ipv6_cidr_block": "",
            "ipv6_cidr_block_association_id": "",
            "ipv6_native": false,
            "map_customer_owned_ip_on_launch": false,
            "map_public_ip_on_launch": true,
            "outpost_arn": "",
            "owner_id": "034362047320",
            "private_dns_hostname_type_on_launch": "ip-name",
            "tags": {
              "Name": "public-subnet-0",
              "kubernetes.io/role/elb": "1"
            },
            "tags_all": {
              "Name": "public-subnet-0",
              "kubernetes.io/role/elb": "1"
            },
            "timeouts": null,
            "vpc_id": "vpc-0fdc851f6149b76cb"
          },
          "sensitive_attributes": [],
          "private": "eyJlMmJmYjczMC1lY2FhLTExZTYtOGY4OC0zNDM2M2JjN2M0YzAiOnsiY3JlYXRlIjo2MDAwMDAwMDAwMDAsImRlbGV0ZSI6MTIwMDAwMDAwMDAwMH0sInNjaGVtYV92ZXJzaW9uIjoiMSJ9",
          "dependencies": [
            "module.vpc.aws_vpc.main"
          ]
        },
        {
          "index_key": 1,
          "schema_version": 1,
          "attributes": {
            "arn": "arn:aws:ec2:ap-northeast-2:034362047320:subnet/subnet-071691c47b61031c5",
            "assign_ipv6_address_on_creation": false,
            "availability_zone": "ap-northeast-2c",
            "availability_zone_id": "apne2-az3",
            "cidr_block": "10.0.11.0/24",
            "customer_owned_ipv4_pool": "",
            "enable_dns64": false,
            "enable_lni_at_device_index": 0,
            "enable_resource_name_dns_a_record_on_launch": false,
            "enable_resource_name_dns_aaaa_record_on_launch": false,
            "id": "subnet-071691c47b61031c5",
            "ipv6_cidr_block": "",
            "ipv6_cidr_block_association_id": "",
            "ipv6_native": false,
            "map_customer_owned_ip_on_launch": false,
            "map_public_ip_on_launch": true,
            "outpost_arn": "",
            "owner_id": "034362047320",
            "private_dns_hostname_type_on_launch": "ip-name",
            "tags": {
              "Name": "public-subnet-1",
              "kubernetes.io/role/elb": "1"
            },
            "tags_all": {
              "Name": "public-subnet-1",
              "kubernetes.io/role/elb": "1"
            },
            "timeouts": null,
            "vpc_id": "vpc-0fdc851f6149b76cb"
          },
          "sensitive_attributes": [],
          "private": "eyJlMmJmYjczMC1lY2FhLTExZTYtOGY4OC0zNDM2M2JjN2M0YzAiOnsiY3JlYXRlIjo2MDAwMDAwMDAwMDAsImRlbGV0ZSI6MTIwMDAwMDAwMDAwMH0sInNjaGVtYV92ZXJzaW9uIjoiMSJ9",
          "dependencies": [
            "module.vpc.aws_vpc.main"
          ]
        }
      ]
    },
    {
      "module": "module.vpc",
      "mode": "managed",
      "type": "aws_vpc",
      "name": "main",
      "provider": "provider[\"registry.terraform.io/hashicorp/aws\"]",
      "instances": [
        {
          "schema_version": 1,
          "attributes": {
            "arn": "arn:aws:ec2:ap-northeast-2:034362047320:vpc/vpc-0fdc851f6149b76cb",
            "assign_generated_ipv6_cidr_block": false,
            "cidr_block": "10.0.0.0/16",
            "default_network_acl_id": "acl-081124b4050c0a64f",
            "default_route_table_id": "rtb-023944465f03d60c9",
            "default_security_group_id": "sg-092bab8b01dc21ba1",
            "dhcp_options_id": "dopt-0b6da6ae6f9324fc1",
            "enable_dns_hostnames": true,
            "enable_dns_support": true,
            "enable_network_address_usage_metrics": false,
            "id": "vpc-0fdc851f6149b76cb",
            "instance_tenancy": "default",
            "ipv4_ipam_pool_id": null,
            "ipv4_netmask_length": null,
            "ipv6_association_id": "",
            "ipv6_cidr_block": "",
            "ipv6_cidr_block_network_border_group": "",
            "ipv6_ipam_pool_id": "",
            "ipv6_netmask_length": 0,
            "main_route_table_id": "rtb-023944465f03d60c9",
            "owner_id": "034362047320",
            "tags": {
              "Name": "eks-vpc"
            },
            "tags_all": {
              "Name": "eks-vpc"
            }
          },
          "sensitive_attributes": [],
          "private": "eyJzY2hlbWFfdmVyc2lvbiI6IjEifQ=="
        }
      ]
    }
  ],
  "check_results": null
}
