{
  "version": 4,
  "terraform_version": "1.5.7",
  "serial": 157,
  "lineage": "806f636c-ca4e-9193-9551-463f7d9c9392",
  "outputs": {},
  "resources": [
    {
      "module": "module.eks",
      "mode": "managed",
      "type": "aws_eks_cluster",
      "name": "eks",
      "provider": "provider[\"registry.terraform.io/hashicorp/aws\"]",
      "instances": [
        {
          "schema_version": 1,
          "attributes": {
            "access_config": [
              {
                "authentication_mode": "CONFIG_MAP",
                "bootstrap_cluster_creator_admin_permissions": true
              }
            ],
            "arn": "arn:aws:eks:ap-northeast-2:034362047320:cluster/eks-cluster",
            "bootstrap_self_managed_addons": true,
            "certificate_authority": [
              {
                "data": "LS0tLS1CRUdJTiBDRVJUSUZJQ0FURS0tLS0tCk1JSURCVENDQWUyZ0F3SUJBZ0lJRTJGK1lSSldQeFV3RFFZSktvWklodmNOQVFFTEJRQXdGVEVUTUJFR0ExVUUKQXhNS2EzVmlaWEp1WlhSbGN6QWVGdzB5TlRBeU1Ua3dOekF5TXpaYUZ3MHpOVEF5TVRjd056QTNNelphTUJVeApFekFSQmdOVkJBTVRDbXQxWW1WeWJtVjBaWE13Z2dFaU1BMEdDU3FHU0liM0RRRUJBUVVBQTRJQkR3QXdnZ0VLCkFvSUJBUUN1UER1OHFWUEszWXJkTnN1U0syYm9HMHNEZGlXdDJ4TUdSd2tFclpDQzF2QlBJdFZpTlVjMVZVYm0KdjdpaTU4RlFOaTJ2ZldldjFOZDUxRGwzaHJTc3RRYnVYR0hpa05LVEI3VEJaOGUwWE4xNndLZU1RbXlnOHlvLwozWEp2WUg1RFp0U0RpaEpYNy9ocGtTYWtrOWZEVmU0WExjMGFpeWkrQzF4N0Q2NFJIWE1vaGNrdEpPREVENDdOCjlTamJJU1pIK1VvYVVBNXFaTm94cXJFWHJwMUV2WUV5aTVzKytZMHY0dzNvcDc5WWhlWlZzdHNTL0wvYUhUcXMKWXJVaE1FUFQ3bUd3Z2h6VlhFZmczdjdQQzJmZFpib3J5NEpybWc1VkhvejJLakh5TU9hWVpoQnQzVHd0QXd0QgpUWHVSMDFkdHNJbytldzc2eGZpdGxYUGIrOEpSQWdNQkFBR2pXVEJYTUE0R0ExVWREd0VCL3dRRUF3SUNwREFQCkJnTlZIUk1CQWY4RUJUQURBUUgvTUIwR0ExVWREZ1FXQkJUcGp2NTBneER4NlIwZkdYMzd6Z0NpUyt2NzJEQVYKQmdOVkhSRUVEakFNZ2dwcmRXSmxjbTVsZEdWek1BMEdDU3FHU0liM0RRRUJDd1VBQTRJQkFRQ3NTazN2YmtVWgpBTkcvelB4RXVxN3J6amVMbEZBUTJLT05zVUEzQXFSVEpiVHowMXc0ZjZYMjBLcC9DV2lJS1B0RXhObUxmbmtaCmI2ZkROd3VwUHB0RTZuVjVuUEsxMXFSdmdOY3c2Q0tEZ0Y1TXRSV05ZWUR5OTNDQ1F6Mm1JYWRTeUNJNlREZFUKZ2lLcmlKaDViREk1aHNQNjBWSzZDYk9YbWJYYkNnVm01MXI1QmVUUU9mdUwzZGZHSTdGeEJkbXk0TC9vQW5qbwpRbENKZHpPZ0VUdHpnWUFvNjBvUXRhK1VQcG9YSkhwK2lHaExQY3BDSnkrL3RTK0luQzdCZVkwcHVpL2RTeHAyCmE4S1JnMmFiM2ZSR3dwSlorZnNlRy9TTHV6NVhyVmNZKzdEUHNXeWEzY3FEK1hTeEJ2dHkwczd6V3RxaVdMWTQKTk9CQytOZGFBYVBCCi0tLS0tRU5EIENFUlRJRklDQVRFLS0tLS0K"
              }
            ],
            "cluster_id": null,
            "compute_config": [],
            "created_at": "2025-02-19T07:02:48Z",
            "enabled_cluster_log_types": [],
            "encryption_config": [],
            "endpoint": "https://9310496C248C80FBF893FEE0F8598F15.yl4.ap-northeast-2.eks.amazonaws.com",
            "id": "eks-cluster",
            "identity": [
              {
                "oidc": [
                  {
                    "issuer": "https://oidc.eks.ap-northeast-2.amazonaws.com/id/9310496C248C80FBF893FEE0F8598F15"
                  }
                ]
              }
            ],
            "kubernetes_network_config": [
              {
                "elastic_load_balancing": [
                  {
                    "enabled": false
                  }
                ],
                "ip_family": "ipv4",
                "service_ipv4_cidr": "172.20.0.0/16",
                "service_ipv6_cidr": ""
              }
            ],
            "name": "eks-cluster",
            "outpost_config": [],
            "platform_version": "eks.19",
            "remote_network_config": [],
            "role_arn": "arn:aws:iam::034362047320:role/eks-cluster-role",
            "status": "ACTIVE",
            "storage_config": [],
            "tags": {
              "Name": "eks-cluster"
            },
            "tags_all": {
              "Name": "eks-cluster"
            },
            "timeouts": null,
            "upgrade_policy": [
              {
                "support_type": "EXTENDED"
              }
            ],
            "version": "1.31",
            "vpc_config": [
              {
                "cluster_security_group_id": "sg-02477ea3e335cfe9e",
                "endpoint_private_access": true,
                "endpoint_public_access": true,
                "public_access_cidrs": [
                  "0.0.0.0/0"
                ],
                "security_group_ids": [
                  "sg-058231bce0b0b8e6d"
                ],
                "subnet_ids": [
                  "subnet-011c834a50a9f78b4",
                  "subnet-0d51ec4221f134621"
                ],
                "vpc_id": "vpc-08c28e1d6297c4ceb"
              }
            ],
            "zonal_shift_config": []
          },
          "sensitive_attributes": [],
          "private": "eyJlMmJmYjczMC1lY2FhLTExZTYtOGY4OC0zNDM2M2JjN2M0YzAiOnsiY3JlYXRlIjoxODAwMDAwMDAwMDAwLCJkZWxldGUiOjkwMDAwMDAwMDAwMCwidXBkYXRlIjozNjAwMDAwMDAwMDAwfSwic2NoZW1hX3ZlcnNpb24iOiIxIn0=",
          "dependencies": [
            "module.eks.aws_iam_role.eks_role",
            "module.vpc.aws_eip.nat",
            "module.vpc.aws_internet_gateway.igw",
            "module.vpc.aws_nat_gateway.nat",
            "module.vpc.aws_route.public_internet_access",
            "module.vpc.aws_route_table.private_db",
            "module.vpc.aws_route_table.private_nat",
            "module.vpc.aws_route_table.public",
            "module.vpc.aws_route_table_association.private_db",
            "module.vpc.aws_route_table_association.private_eks",
            "module.vpc.aws_route_table_association.public",
            "module.vpc.aws_security_group.eks_sg",
            "module.vpc.aws_security_group.elasticache_sg",
            "module.vpc.aws_security_group.rds_sg",
            "module.vpc.aws_security_group_rule.eks_api_ingress",
            "module.vpc.aws_security_group_rule.eks_egress_internet",
            "module.vpc.aws_security_group_rule.eks_to_rds_mysql",
            "module.vpc.aws_security_group_rule.eks_to_redis",
            "module.vpc.aws_security_group_rule.rds_in_from_eks_mysql",
            "module.vpc.aws_security_group_rule.rds_out_to_redis",
            "module.vpc.aws_security_group_rule.redis_in_from_eks",
            "module.vpc.aws_security_group_rule.redis_in_from_rds",
            "module.vpc.aws_subnet.private_db",
            "module.vpc.aws_subnet.private_eks",
            "module.vpc.aws_subnet.public",
            "module.vpc.aws_vpc.main"
          ]
        }
      ]
    },
    {
      "module": "module.eks",
      "mode": "managed",
      "type": "aws_iam_role",
      "name": "eks_role",
      "provider": "provider[\"registry.terraform.io/hashicorp/aws\"]",
      "instances": [
        {
          "schema_version": 0,
          "attributes": {
            "arn": "arn:aws:iam::034362047320:role/eks-cluster-role",
            "assume_role_policy": "{\"Statement\":[{\"Action\":\"sts:AssumeRole\",\"Effect\":\"Allow\",\"Principal\":{\"Service\":\"eks.amazonaws.com\"}}],\"Version\":\"2012-10-17\"}",
            "create_date": "2025-02-19T07:02:45Z",
            "description": "",
            "force_detach_policies": false,
            "id": "eks-cluster-role",
            "inline_policy": [],
            "managed_policy_arns": [
              "arn:aws:iam::aws:policy/AmazonEKSClusterPolicy",
              "arn:aws:iam::aws:policy/AmazonEKSServicePolicy"
            ],
            "max_session_duration": 3600,
            "name": "eks-cluster-role",
            "name_prefix": "",
            "path": "/",
            "permissions_boundary": "",
            "tags": {},
            "tags_all": {},
            "unique_id": "AROAQQABDHNMHV2UBQFXX"
          },
          "sensitive_attributes": [],
          "private": "bnVsbA==",
          "dependencies": [
            "module.vpc.aws_eip.nat",
            "module.vpc.aws_internet_gateway.igw",
            "module.vpc.aws_nat_gateway.nat",
            "module.vpc.aws_route.public_internet_access",
            "module.vpc.aws_route_table.private_db",
            "module.vpc.aws_route_table.private_nat",
            "module.vpc.aws_route_table.public",
            "module.vpc.aws_route_table_association.private_db",
            "module.vpc.aws_route_table_association.private_eks",
            "module.vpc.aws_route_table_association.public",
            "module.vpc.aws_security_group.eks_sg",
            "module.vpc.aws_security_group.elasticache_sg",
            "module.vpc.aws_security_group.rds_sg",
            "module.vpc.aws_security_group_rule.eks_api_ingress",
            "module.vpc.aws_security_group_rule.eks_egress_internet",
            "module.vpc.aws_security_group_rule.eks_to_rds_mysql",
            "module.vpc.aws_security_group_rule.eks_to_redis",
            "module.vpc.aws_security_group_rule.rds_in_from_eks_mysql",
            "module.vpc.aws_security_group_rule.rds_out_to_redis",
            "module.vpc.aws_security_group_rule.redis_in_from_eks",
            "module.vpc.aws_security_group_rule.redis_in_from_rds",
            "module.vpc.aws_subnet.private_db",
            "module.vpc.aws_subnet.private_eks",
            "module.vpc.aws_subnet.public",
            "module.vpc.aws_vpc.main"
          ]
        }
      ]
    },
    {
      "module": "module.eks",
      "mode": "managed",
      "type": "aws_iam_role_policy_attachment",
      "name": "eks_cluster_policy",
      "provider": "provider[\"registry.terraform.io/hashicorp/aws\"]",
      "instances": [
        {
          "schema_version": 0,
          "attributes": {
            "id": "eks-cluster-role-20250219070247096900000008",
            "policy_arn": "arn:aws:iam::aws:policy/AmazonEKSClusterPolicy",
            "role": "eks-cluster-role"
          },
          "sensitive_attributes": [],
          "private": "bnVsbA==",
          "dependencies": [
            "module.eks.aws_iam_role.eks_role",
            "module.vpc.aws_eip.nat",
            "module.vpc.aws_internet_gateway.igw",
            "module.vpc.aws_nat_gateway.nat",
            "module.vpc.aws_route.public_internet_access",
            "module.vpc.aws_route_table.private_db",
            "module.vpc.aws_route_table.private_nat",
            "module.vpc.aws_route_table.public",
            "module.vpc.aws_route_table_association.private_db",
            "module.vpc.aws_route_table_association.private_eks",
            "module.vpc.aws_route_table_association.public",
            "module.vpc.aws_security_group.eks_sg",
            "module.vpc.aws_security_group.elasticache_sg",
            "module.vpc.aws_security_group.rds_sg",
            "module.vpc.aws_security_group_rule.eks_api_ingress",
            "module.vpc.aws_security_group_rule.eks_egress_internet",
            "module.vpc.aws_security_group_rule.eks_to_rds_mysql",
            "module.vpc.aws_security_group_rule.eks_to_redis",
            "module.vpc.aws_security_group_rule.rds_in_from_eks_mysql",
            "module.vpc.aws_security_group_rule.rds_out_to_redis",
            "module.vpc.aws_security_group_rule.redis_in_from_eks",
            "module.vpc.aws_security_group_rule.redis_in_from_rds",
            "module.vpc.aws_subnet.private_db",
            "module.vpc.aws_subnet.private_eks",
            "module.vpc.aws_subnet.public",
            "module.vpc.aws_vpc.main"
          ]
        }
      ]
    },
    {
      "module": "module.eks",
      "mode": "managed",
      "type": "aws_iam_role_policy_attachment",
      "name": "eks_service_policy",
      "provider": "provider[\"registry.terraform.io/hashicorp/aws\"]",
      "instances": [
        {
          "schema_version": 0,
          "attributes": {
            "id": "eks-cluster-role-20250219070246850700000007",
            "policy_arn": "arn:aws:iam::aws:policy/AmazonEKSServicePolicy",
            "role": "eks-cluster-role"
          },
          "sensitive_attributes": [],
          "private": "bnVsbA==",
          "dependencies": [
            "module.eks.aws_iam_role.eks_role",
            "module.vpc.aws_eip.nat",
            "module.vpc.aws_internet_gateway.igw",
            "module.vpc.aws_nat_gateway.nat",
            "module.vpc.aws_route.public_internet_access",
            "module.vpc.aws_route_table.private_db",
            "module.vpc.aws_route_table.private_nat",
            "module.vpc.aws_route_table.public",
            "module.vpc.aws_route_table_association.private_db",
            "module.vpc.aws_route_table_association.private_eks",
            "module.vpc.aws_route_table_association.public",
            "module.vpc.aws_security_group.eks_sg",
            "module.vpc.aws_security_group.elasticache_sg",
            "module.vpc.aws_security_group.rds_sg",
            "module.vpc.aws_security_group_rule.eks_api_ingress",
            "module.vpc.aws_security_group_rule.eks_egress_internet",
            "module.vpc.aws_security_group_rule.eks_to_rds_mysql",
            "module.vpc.aws_security_group_rule.eks_to_redis",
            "module.vpc.aws_security_group_rule.rds_in_from_eks_mysql",
            "module.vpc.aws_security_group_rule.rds_out_to_redis",
            "module.vpc.aws_security_group_rule.redis_in_from_eks",
            "module.vpc.aws_security_group_rule.redis_in_from_rds",
            "module.vpc.aws_subnet.private_db",
            "module.vpc.aws_subnet.private_eks",
            "module.vpc.aws_subnet.public",
            "module.vpc.aws_vpc.main"
          ]
        }
      ]
    },
    {
      "module": "module.elasticache",
      "mode": "managed",
      "type": "aws_elasticache_replication_group",
      "name": "redis",
      "provider": "provider[\"registry.terraform.io/hashicorp/aws\"]",
      "instances": [
        {
          "schema_version": 2,
          "attributes": {
            "apply_immediately": null,
            "arn": "arn:aws:elasticache:ap-northeast-2:034362047320:replicationgroup:redis-cluster-fast",
            "at_rest_encryption_enabled": "false",
            "auth_token": "",
            "auth_token_update_strategy": "ROTATE",
            "auto_minor_version_upgrade": "true",
            "automatic_failover_enabled": false,
            "cluster_enabled": false,
            "cluster_mode": "disabled",
            "configuration_endpoint_address": null,
            "data_tiering_enabled": false,
            "description": "Optimized Redis Cluster with Single Node First",
            "engine": "redis",
            "engine_version": "7.0",
            "engine_version_actual": "7.0.7",
            "final_snapshot_identifier": null,
            "global_replication_group_id": null,
            "id": "redis-cluster-fast",
            "ip_discovery": "ipv4",
            "kms_key_id": "",
            "log_delivery_configuration": [],
            "maintenance_window": "mon:05:30-mon:06:30",
            "member_clusters": [
              "redis-cluster-fast-001"
            ],
            "multi_az_enabled": false,
            "network_type": "ipv4",
            "node_type": "cache.t4g.small",
            "notification_topic_arn": null,
            "num_cache_clusters": 1,
            "num_node_groups": 1,
            "parameter_group_name": "default.redis7",
            "port": 6379,
            "preferred_cache_cluster_azs": null,
            "primary_endpoint_address": "redis-cluster-fast.lbkn6z.ng.0001.apn2.cache.amazonaws.com",
            "reader_endpoint_address": "redis-cluster-fast-ro.lbkn6z.ng.0001.apn2.cache.amazonaws.com",
            "replicas_per_node_group": 0,
            "replication_group_id": "redis-cluster-fast",
            "security_group_ids": [
              "sg-058231bce0b0b8e6d"
            ],
            "security_group_names": [],
            "snapshot_arns": null,
            "snapshot_name": null,
            "snapshot_retention_limit": 0,
            "snapshot_window": "00:30-01:30",
            "subnet_group_name": "elasticache-subnet-group",
            "tags": {
              "Name": "elasticache-redis-cluster-fast"
            },
            "tags_all": {
              "Name": "elasticache-redis-cluster-fast"
            },
            "timeouts": null,
            "transit_encryption_enabled": false,
            "transit_encryption_mode": "",
            "user_group_ids": []
          },
          "sensitive_attributes": [],
          "private": "eyJlMmJmYjczMC1lY2FhLTExZTYtOGY4OC0zNDM2M2JjN2M0YzAiOnsiY3JlYXRlIjozNjAwMDAwMDAwMDAwLCJkZWxldGUiOjI3MDAwMDAwMDAwMDAsInVwZGF0ZSI6MjQwMDAwMDAwMDAwMH0sInNjaGVtYV92ZXJzaW9uIjoiMiJ9",
          "dependencies": [
            "module.elasticache.aws_elasticache_subnet_group.elasticache",
            "module.vpc.aws_eip.nat",
            "module.vpc.aws_internet_gateway.igw",
            "module.vpc.aws_nat_gateway.nat",
            "module.vpc.aws_route.public_internet_access",
            "module.vpc.aws_route_table.private_db",
            "module.vpc.aws_route_table.private_nat",
            "module.vpc.aws_route_table.public",
            "module.vpc.aws_route_table_association.private_db",
            "module.vpc.aws_route_table_association.private_eks",
            "module.vpc.aws_route_table_association.public",
            "module.vpc.aws_security_group.eks_sg",
            "module.vpc.aws_security_group.elasticache_sg",
            "module.vpc.aws_security_group.rds_sg",
            "module.vpc.aws_security_group_rule.eks_api_ingress",
            "module.vpc.aws_security_group_rule.eks_egress_internet",
            "module.vpc.aws_security_group_rule.eks_to_rds_mysql",
            "module.vpc.aws_security_group_rule.eks_to_redis",
            "module.vpc.aws_security_group_rule.rds_in_from_eks_mysql",
            "module.vpc.aws_security_group_rule.rds_out_to_redis",
            "module.vpc.aws_security_group_rule.redis_in_from_eks",
            "module.vpc.aws_security_group_rule.redis_in_from_rds",
            "module.vpc.aws_subnet.private_db",
            "module.vpc.aws_subnet.private_eks",
            "module.vpc.aws_subnet.public",
            "module.vpc.aws_vpc.main"
          ]
        }
      ]
    },
    {
      "module": "module.elasticache",
      "mode": "managed",
      "type": "aws_elasticache_subnet_group",
      "name": "elasticache",
      "provider": "provider[\"registry.terraform.io/hashicorp/aws\"]",
      "instances": [
        {
          "schema_version": 0,
          "attributes": {
            "arn": "arn:aws:elasticache:ap-northeast-2:034362047320:subnetgroup:elasticache-subnet-group",
            "description": "Managed by Terraform",
            "id": "elasticache-subnet-group",
            "name": "elasticache-subnet-group",
            "subnet_ids": [
              "subnet-011c834a50a9f78b4",
              "subnet-0d51ec4221f134621"
            ],
            "tags": {
              "Name": "elasticache-subnet-group"
            },
            "tags_all": {
              "Name": "elasticache-subnet-group"
            },
            "vpc_id": "vpc-08c28e1d6297c4ceb"
          },
          "sensitive_attributes": [],
          "private": "bnVsbA==",
          "dependencies": [
            "module.vpc.aws_eip.nat",
            "module.vpc.aws_internet_gateway.igw",
            "module.vpc.aws_nat_gateway.nat",
            "module.vpc.aws_route.public_internet_access",
            "module.vpc.aws_route_table.private_db",
            "module.vpc.aws_route_table.private_nat",
            "module.vpc.aws_route_table.public",
            "module.vpc.aws_route_table_association.private_db",
            "module.vpc.aws_route_table_association.private_eks",
            "module.vpc.aws_route_table_association.public",
            "module.vpc.aws_security_group.eks_sg",
            "module.vpc.aws_security_group.elasticache_sg",
            "module.vpc.aws_security_group.rds_sg",
            "module.vpc.aws_security_group_rule.eks_api_ingress",
            "module.vpc.aws_security_group_rule.eks_egress_internet",
            "module.vpc.aws_security_group_rule.eks_to_rds_mysql",
            "module.vpc.aws_security_group_rule.eks_to_redis",
            "module.vpc.aws_security_group_rule.rds_in_from_eks_mysql",
            "module.vpc.aws_security_group_rule.rds_out_to_redis",
            "module.vpc.aws_security_group_rule.redis_in_from_eks",
            "module.vpc.aws_security_group_rule.redis_in_from_rds",
            "module.vpc.aws_subnet.private_db",
            "module.vpc.aws_subnet.private_eks",
            "module.vpc.aws_subnet.public",
            "module.vpc.aws_vpc.main"
          ]
        }
      ]
    },
    {
      "module": "module.rds",
      "mode": "managed",
      "type": "aws_db_subnet_group",
      "name": "aurora_subnet_group",
      "provider": "provider[\"registry.terraform.io/hashicorp/aws\"]",
      "instances": [
        {
          "schema_version": 0,
          "attributes": {
            "arn": "arn:aws:rds:ap-northeast-2:034362047320:subgrp:aurora-subnet-group",
            "description": "Managed by Terraform",
            "id": "aurora-subnet-group",
            "name": "aurora-subnet-group",
            "name_prefix": "",
            "subnet_ids": [
              "subnet-0b1da4e93aafac51a",
              "subnet-0ee37d6e9450d8fb3"
            ],
            "supported_network_types": [
              "IPV4"
            ],
            "tags": {
              "Name": "aurora-subnet-group"
            },
            "tags_all": {
              "Name": "aurora-subnet-group"
            },
            "vpc_id": "vpc-08c28e1d6297c4ceb"
          },
          "sensitive_attributes": [],
          "private": "bnVsbA==",
          "dependencies": [
            "module.vpc.aws_eip.nat",
            "module.vpc.aws_internet_gateway.igw",
            "module.vpc.aws_nat_gateway.nat",
            "module.vpc.aws_route.public_internet_access",
            "module.vpc.aws_route_table.private_db",
            "module.vpc.aws_route_table.private_nat",
            "module.vpc.aws_route_table.public",
            "module.vpc.aws_route_table_association.private_db",
            "module.vpc.aws_route_table_association.private_eks",
            "module.vpc.aws_route_table_association.public",
            "module.vpc.aws_security_group.eks_sg",
            "module.vpc.aws_security_group.elasticache_sg",
            "module.vpc.aws_security_group.rds_sg",
            "module.vpc.aws_security_group_rule.eks_api_ingress",
            "module.vpc.aws_security_group_rule.eks_egress_internet",
            "module.vpc.aws_security_group_rule.eks_to_rds_mysql",
            "module.vpc.aws_security_group_rule.eks_to_redis",
            "module.vpc.aws_security_group_rule.rds_in_from_eks_mysql",
            "module.vpc.aws_security_group_rule.rds_out_to_redis",
            "module.vpc.aws_security_group_rule.redis_in_from_eks",
            "module.vpc.aws_security_group_rule.redis_in_from_rds",
            "module.vpc.aws_subnet.private_db",
            "module.vpc.aws_subnet.private_eks",
            "module.vpc.aws_subnet.public",
            "module.vpc.aws_vpc.main"
          ]
        }
      ]
    },
    {
      "module": "module.rds",
      "mode": "managed",
      "type": "aws_rds_cluster",
      "name": "aurora",
      "provider": "provider[\"registry.terraform.io/hashicorp/aws\"]",
      "instances": [
        {
          "schema_version": 1,
          "attributes": {
            "allocated_storage": 1,
            "allow_major_version_upgrade": null,
            "apply_immediately": true,
            "arn": "arn:aws:rds:ap-northeast-2:034362047320:cluster:aurora-mysql-cluster",
            "availability_zones": [
              "ap-northeast-2a",
              "ap-northeast-2b",
              "ap-northeast-2c"
            ],
            "backtrack_window": 0,
            "backup_retention_period": 7,
            "ca_certificate_identifier": null,
            "ca_certificate_valid_till": null,
            "cluster_identifier": "aurora-mysql-cluster",
            "cluster_identifier_prefix": "",
            "cluster_members": [],
            "cluster_resource_id": "cluster-6HVV5NHREY3NSB7WI5FUWHLC5Y",
            "copy_tags_to_snapshot": false,
            "database_name": "test",
            "db_cluster_instance_class": "",
            "db_cluster_parameter_group_name": "default.aurora-mysql8.0",
            "db_instance_parameter_group_name": null,
            "db_subnet_group_name": "aurora-subnet-group",
            "db_system_id": "",
            "delete_automated_backups": true,
            "deletion_protection": false,
            "domain": "",
            "domain_iam_role_name": "",
            "enable_global_write_forwarding": false,
            "enable_http_endpoint": false,
            "enable_local_write_forwarding": false,
            "enabled_cloudwatch_logs_exports": [],
            "endpoint": "aurora-mysql-cluster.cluster-cxc2mkao053o.ap-northeast-2.rds.amazonaws.com",
            "engine": "aurora-mysql",
            "engine_lifecycle_support": "open-source-rds-extended-support",
            "engine_mode": "provisioned",
            "engine_version": "8.0.mysql_aurora.3.04.0",
            "engine_version_actual": "8.0.mysql_aurora.3.04.0",
            "final_snapshot_identifier": null,
            "global_cluster_identifier": "",
            "hosted_zone_id": "ZLA2NUCOLGUUR",
            "iam_database_authentication_enabled": false,
            "iam_roles": [],
            "id": "aurora-mysql-cluster",
            "iops": 0,
            "kms_key_id": "arn:aws:kms:ap-northeast-2:034362047320:key/b6b14442-9914-4240-b8a3-e2f0b5e2467c",
            "manage_master_user_password": null,
            "master_password": "11111111",
            "master_password_wo": null,
            "master_password_wo_version": null,
            "master_user_secret": [],
            "master_user_secret_kms_key_id": null,
            "master_username": "admin",
            "monitoring_interval": 0,
            "monitoring_role_arn": "",
            "network_type": "IPV4",
            "performance_insights_enabled": false,
            "performance_insights_kms_key_id": "",
            "performance_insights_retention_period": 0,
            "port": 3306,
            "preferred_backup_window": "16:59-17:29",
            "preferred_maintenance_window": "mon:17:44-mon:18:14",
            "reader_endpoint": "aurora-mysql-cluster.cluster-ro-cxc2mkao053o.ap-northeast-2.rds.amazonaws.com",
            "replication_source_identifier": "",
            "restore_to_point_in_time": [],
            "s3_import": [],
            "scaling_configuration": [],
            "serverlessv2_scaling_configuration": [
              {
                "max_capacity": 4,
                "min_capacity": 0.5,
                "seconds_until_auto_pause": 0
              }
            ],
            "skip_final_snapshot": true,
            "snapshot_identifier": null,
            "source_region": null,
            "storage_encrypted": true,
            "storage_type": "",
            "tags": {},
            "tags_all": {},
            "timeouts": null,
            "vpc_security_group_ids": [
              "sg-07e4bcb33952a126d"
            ]
          },
          "sensitive_attributes": [],
          "private": "eyJlMmJmYjczMC1lY2FhLTExZTYtOGY4OC0zNDM2M2JjN2M0YzAiOnsiY3JlYXRlIjo3MjAwMDAwMDAwMDAwLCJkZWxldGUiOjcyMDAwMDAwMDAwMDAsInVwZGF0ZSI6NzIwMDAwMDAwMDAwMH0sInNjaGVtYV92ZXJzaW9uIjoiMSJ9",
          "dependencies": [
            "module.rds.aws_db_subnet_group.aurora_subnet_group",
            "module.vpc.aws_eip.nat",
            "module.vpc.aws_internet_gateway.igw",
            "module.vpc.aws_nat_gateway.nat",
            "module.vpc.aws_route.public_internet_access",
            "module.vpc.aws_route_table.private_db",
            "module.vpc.aws_route_table.private_nat",
            "module.vpc.aws_route_table.public",
            "module.vpc.aws_route_table_association.private_db",
            "module.vpc.aws_route_table_association.private_eks",
            "module.vpc.aws_route_table_association.public",
            "module.vpc.aws_security_group.eks_sg",
            "module.vpc.aws_security_group.elasticache_sg",
            "module.vpc.aws_security_group.rds_sg",
            "module.vpc.aws_security_group_rule.eks_api_ingress",
            "module.vpc.aws_security_group_rule.eks_egress_internet",
            "module.vpc.aws_security_group_rule.eks_to_rds_mysql",
            "module.vpc.aws_security_group_rule.eks_to_redis",
            "module.vpc.aws_security_group_rule.rds_in_from_eks_mysql",
            "module.vpc.aws_security_group_rule.rds_out_to_redis",
            "module.vpc.aws_security_group_rule.redis_in_from_eks",
            "module.vpc.aws_security_group_rule.redis_in_from_rds",
            "module.vpc.aws_subnet.private_db",
            "module.vpc.aws_subnet.private_eks",
            "module.vpc.aws_subnet.public",
            "module.vpc.aws_vpc.main"
          ]
        }
      ]
    },
    {
      "module": "module.vpc",
      "mode": "managed",
      "type": "aws_eip",
      "name": "nat",
      "provider": "provider[\"registry.terraform.io/hashicorp/aws\"]",
      "instances": [
        {
          "index_key": 0,
          "schema_version": 0,
          "attributes": {
            "address": null,
            "allocation_id": "eipalloc-03baeec0dcf52dfdb",
            "arn": "arn:aws:ec2:ap-northeast-2:034362047320:elastic-ip/eipalloc-03baeec0dcf52dfdb",
            "associate_with_private_ip": null,
            "association_id": "eipassoc-07e9bbc144e22c953",
            "carrier_ip": "",
            "customer_owned_ip": "",
            "customer_owned_ipv4_pool": "",
            "domain": "vpc",
            "id": "eipalloc-03baeec0dcf52dfdb",
            "instance": "",
            "ipam_pool_id": null,
            "network_border_group": "ap-northeast-2",
            "network_interface": "eni-0a3d471b9b4f32a70",
            "private_dns": "ip-10-0-1-191.ap-northeast-2.compute.internal",
            "private_ip": "10.0.1.191",
            "ptr_record": "",
            "public_dns": "ec2-43-203-73-249.ap-northeast-2.compute.amazonaws.com",
            "public_ip": "43.203.73.249",
            "public_ipv4_pool": "amazon",
            "tags": {},
            "tags_all": {},
            "timeouts": null,
            "vpc": true
          },
          "sensitive_attributes": [],
          "private": "eyJlMmJmYjczMC1lY2FhLTExZTYtOGY4OC0zNDM2M2JjN2M0YzAiOnsiZGVsZXRlIjoxODAwMDAwMDAwMDAsInJlYWQiOjkwMDAwMDAwMDAwMCwidXBkYXRlIjozMDAwMDAwMDAwMDB9fQ==",
          "dependencies": [
            "module.vpc.aws_internet_gateway.igw",
            "module.vpc.aws_subnet.public",
            "module.vpc.aws_vpc.main"
          ]
        },
        {
          "index_key": 1,
          "schema_version": 0,
          "attributes": {
            "address": null,
            "allocation_id": "eipalloc-01cb89f025c22474a",
            "arn": "arn:aws:ec2:ap-northeast-2:034362047320:elastic-ip/eipalloc-01cb89f025c22474a",
            "associate_with_private_ip": null,
            "association_id": "eipassoc-03c49596af90ef933",
            "carrier_ip": "",
            "customer_owned_ip": "",
            "customer_owned_ipv4_pool": "",
            "domain": "vpc",
            "id": "eipalloc-01cb89f025c22474a",
            "instance": "",
            "ipam_pool_id": null,
            "network_border_group": "ap-northeast-2",
            "network_interface": "eni-029245886105fe0a4",
            "private_dns": "ip-10-0-11-161.ap-northeast-2.compute.internal",
            "private_ip": "10.0.11.161",
            "ptr_record": "",
            "public_dns": "ec2-3-35-213-149.ap-northeast-2.compute.amazonaws.com",
            "public_ip": "3.35.213.149",
            "public_ipv4_pool": "amazon",
            "tags": {},
            "tags_all": {},
            "timeouts": null,
            "vpc": true
          },
          "sensitive_attributes": [],
          "private": "eyJlMmJmYjczMC1lY2FhLTExZTYtOGY4OC0zNDM2M2JjN2M0YzAiOnsiZGVsZXRlIjoxODAwMDAwMDAwMDAsInJlYWQiOjkwMDAwMDAwMDAwMCwidXBkYXRlIjozMDAwMDAwMDAwMDB9fQ==",
          "dependencies": [
            "module.vpc.aws_internet_gateway.igw",
            "module.vpc.aws_subnet.public",
            "module.vpc.aws_vpc.main"
          ]
        }
      ]
    },
    {
      "module": "module.vpc",
      "mode": "managed",
      "type": "aws_internet_gateway",
      "name": "igw",
      "provider": "provider[\"registry.terraform.io/hashicorp/aws\"]",
      "instances": [
        {
          "schema_version": 0,
          "attributes": {
            "arn": "arn:aws:ec2:ap-northeast-2:034362047320:internet-gateway/igw-0ed61c76c983b82fb",
            "id": "igw-0ed61c76c983b82fb",
            "owner_id": "034362047320",
            "tags": {
              "Name": "eks-internet-gateway"
            },
            "tags_all": {
              "Name": "eks-internet-gateway"
            },
            "timeouts": null,
            "vpc_id": "vpc-08c28e1d6297c4ceb"
          },
          "sensitive_attributes": [],
          "private": "eyJlMmJmYjczMC1lY2FhLTExZTYtOGY4OC0zNDM2M2JjN2M0YzAiOnsiY3JlYXRlIjoxMjAwMDAwMDAwMDAwLCJkZWxldGUiOjEyMDAwMDAwMDAwMDAsInVwZGF0ZSI6MTIwMDAwMDAwMDAwMH19",
          "dependencies": [
            "module.vpc.aws_vpc.main"
          ]
        }
      ]
    },
    {
      "module": "module.vpc",
      "mode": "managed",
      "type": "aws_nat_gateway",
      "name": "nat",
      "provider": "provider[\"registry.terraform.io/hashicorp/aws\"]",
      "instances": [
        {
          "index_key": 0,
          "schema_version": 0,
          "attributes": {
            "allocation_id": "eipalloc-03baeec0dcf52dfdb",
            "association_id": "eipassoc-07e9bbc144e22c953",
            "connectivity_type": "public",
            "id": "nat-0768fbc3435b7b3fa",
            "network_interface_id": "eni-0a3d471b9b4f32a70",
            "private_ip": "10.0.1.191",
            "public_ip": "43.203.73.249",
            "secondary_allocation_ids": [],
            "secondary_private_ip_address_count": 0,
            "secondary_private_ip_addresses": [],
            "subnet_id": "subnet-06e67c9eccab3c905",
            "tags": {
              "Name": "eks-nat-gateway-0"
            },
            "tags_all": {
              "Name": "eks-nat-gateway-0"
            },
            "timeouts": null
          },
          "sensitive_attributes": [],
          "private": "eyJlMmJmYjczMC1lY2FhLTExZTYtOGY4OC0zNDM2M2JjN2M0YzAiOnsiY3JlYXRlIjo2MDAwMDAwMDAwMDAsImRlbGV0ZSI6MTgwMDAwMDAwMDAwMCwidXBkYXRlIjo2MDAwMDAwMDAwMDB9fQ==",
          "dependencies": [
            "module.vpc.aws_eip.nat",
            "module.vpc.aws_internet_gateway.igw",
            "module.vpc.aws_subnet.public",
            "module.vpc.aws_vpc.main"
          ]
        },
        {
          "index_key": 1,
          "schema_version": 0,
          "attributes": {
            "allocation_id": "eipalloc-01cb89f025c22474a",
            "association_id": "eipassoc-03c49596af90ef933",
            "connectivity_type": "public",
            "id": "nat-0654e3f5973962da6",
            "network_interface_id": "eni-029245886105fe0a4",
            "private_ip": "10.0.11.161",
            "public_ip": "3.35.213.149",
            "secondary_allocation_ids": [],
            "secondary_private_ip_address_count": 0,
            "secondary_private_ip_addresses": [],
            "subnet_id": "subnet-0745d3e12d7c0c806",
            "tags": {
              "Name": "eks-nat-gateway-1"
            },
            "tags_all": {
              "Name": "eks-nat-gateway-1"
            },
            "timeouts": null
          },
          "sensitive_attributes": [],
          "private": "eyJlMmJmYjczMC1lY2FhLTExZTYtOGY4OC0zNDM2M2JjN2M0YzAiOnsiY3JlYXRlIjo2MDAwMDAwMDAwMDAsImRlbGV0ZSI6MTgwMDAwMDAwMDAwMCwidXBkYXRlIjo2MDAwMDAwMDAwMDB9fQ==",
          "dependencies": [
            "module.vpc.aws_eip.nat",
            "module.vpc.aws_internet_gateway.igw",
            "module.vpc.aws_subnet.public",
            "module.vpc.aws_vpc.main"
          ]
        }
      ]
    },
    {
      "module": "module.vpc",
      "mode": "managed",
      "type": "aws_route",
      "name": "public_internet_access",
      "provider": "provider[\"registry.terraform.io/hashicorp/aws\"]",
      "instances": [
        {
          "schema_version": 0,
          "attributes": {
            "carrier_gateway_id": "",
            "core_network_arn": "",
            "destination_cidr_block": "0.0.0.0/0",
            "destination_ipv6_cidr_block": "",
            "destination_prefix_list_id": "",
            "egress_only_gateway_id": "",
            "gateway_id": "igw-0ed61c76c983b82fb",
            "id": "r-rtb-0a715cca145332b091080289494",
            "instance_id": "",
            "instance_owner_id": "",
            "local_gateway_id": "",
            "nat_gateway_id": "",
            "network_interface_id": "",
            "origin": "CreateRoute",
            "route_table_id": "rtb-0a715cca145332b09",
            "state": "active",
            "timeouts": null,
            "transit_gateway_id": "",
            "vpc_endpoint_id": "",
            "vpc_peering_connection_id": ""
          },
          "sensitive_attributes": [],
          "private": "eyJlMmJmYjczMC1lY2FhLTExZTYtOGY4OC0zNDM2M2JjN2M0YzAiOnsiY3JlYXRlIjozMDAwMDAwMDAwMDAsImRlbGV0ZSI6MzAwMDAwMDAwMDAwLCJ1cGRhdGUiOjEyMDAwMDAwMDAwMH19",
          "dependencies": [
            "module.vpc.aws_internet_gateway.igw",
            "module.vpc.aws_route_table.public",
            "module.vpc.aws_vpc.main"
          ]
        }
      ]
    },
    {
      "module": "module.vpc",
      "mode": "managed",
      "type": "aws_route_table",
      "name": "private_db",
      "provider": "provider[\"registry.terraform.io/hashicorp/aws\"]",
      "instances": [
        {
          "schema_version": 0,
          "attributes": {
            "arn": "arn:aws:ec2:ap-northeast-2:034362047320:route-table/rtb-0db641282baf3a1c9",
            "id": "rtb-0db641282baf3a1c9",
            "owner_id": "034362047320",
            "propagating_vgws": [],
            "route": [],
            "tags": {
              "Name": "private-db-route-table"
            },
            "tags_all": {
              "Name": "private-db-route-table"
            },
            "timeouts": null,
            "vpc_id": "vpc-08c28e1d6297c4ceb"
          },
          "sensitive_attributes": [],
          "private": "eyJlMmJmYjczMC1lY2FhLTExZTYtOGY4OC0zNDM2M2JjN2M0YzAiOnsiY3JlYXRlIjozMDAwMDAwMDAwMDAsImRlbGV0ZSI6MzAwMDAwMDAwMDAwLCJ1cGRhdGUiOjEyMDAwMDAwMDAwMH19",
          "dependencies": [
            "module.vpc.aws_vpc.main"
          ]
        }
      ]
    },
    {
      "module": "module.vpc",
      "mode": "managed",
      "type": "aws_route_table",
      "name": "private_nat",
      "provider": "provider[\"registry.terraform.io/hashicorp/aws\"]",
      "instances": [
        {
          "index_key": 0,
          "schema_version": 0,
          "attributes": {
            "arn": "arn:aws:ec2:ap-northeast-2:034362047320:route-table/rtb-07a957295a0ff9b1c",
            "id": "rtb-07a957295a0ff9b1c",
            "owner_id": "034362047320",
            "propagating_vgws": [],
            "route": [
              {
                "carrier_gateway_id": "",
                "cidr_block": "0.0.0.0/0",
                "core_network_arn": "",
                "destination_prefix_list_id": "",
                "egress_only_gateway_id": "",
                "gateway_id": "",
                "ipv6_cidr_block": "",
                "local_gateway_id": "",
                "nat_gateway_id": "nat-0768fbc3435b7b3fa",
                "network_interface_id": "",
                "transit_gateway_id": "",
                "vpc_endpoint_id": "",
                "vpc_peering_connection_id": ""
              }
            ],
            "tags": {
              "Name": "private-nat-route-table-0"
            },
            "tags_all": {
              "Name": "private-nat-route-table-0"
            },
            "timeouts": null,
            "vpc_id": "vpc-08c28e1d6297c4ceb"
          },
          "sensitive_attributes": [],
          "private": "eyJlMmJmYjczMC1lY2FhLTExZTYtOGY4OC0zNDM2M2JjN2M0YzAiOnsiY3JlYXRlIjozMDAwMDAwMDAwMDAsImRlbGV0ZSI6MzAwMDAwMDAwMDAwLCJ1cGRhdGUiOjEyMDAwMDAwMDAwMH19",
          "dependencies": [
            "module.vpc.aws_eip.nat",
            "module.vpc.aws_internet_gateway.igw",
            "module.vpc.aws_nat_gateway.nat",
            "module.vpc.aws_subnet.private_eks",
            "module.vpc.aws_subnet.public",
            "module.vpc.aws_vpc.main"
          ]
        },
        {
          "index_key": 1,
          "schema_version": 0,
          "attributes": {
            "arn": "arn:aws:ec2:ap-northeast-2:034362047320:route-table/rtb-0be98ca323c0c14da",
            "id": "rtb-0be98ca323c0c14da",
            "owner_id": "034362047320",
            "propagating_vgws": [],
            "route": [
              {
                "carrier_gateway_id": "",
                "cidr_block": "0.0.0.0/0",
                "core_network_arn": "",
                "destination_prefix_list_id": "",
                "egress_only_gateway_id": "",
                "gateway_id": "",
                "ipv6_cidr_block": "",
                "local_gateway_id": "",
                "nat_gateway_id": "nat-0654e3f5973962da6",
                "network_interface_id": "",
                "transit_gateway_id": "",
                "vpc_endpoint_id": "",
                "vpc_peering_connection_id": ""
              }
            ],
            "tags": {
              "Name": "private-nat-route-table-1"
            },
            "tags_all": {
              "Name": "private-nat-route-table-1"
            },
            "timeouts": null,
            "vpc_id": "vpc-08c28e1d6297c4ceb"
          },
          "sensitive_attributes": [],
          "private": "eyJlMmJmYjczMC1lY2FhLTExZTYtOGY4OC0zNDM2M2JjN2M0YzAiOnsiY3JlYXRlIjozMDAwMDAwMDAwMDAsImRlbGV0ZSI6MzAwMDAwMDAwMDAwLCJ1cGRhdGUiOjEyMDAwMDAwMDAwMH19",
          "dependencies": [
            "module.vpc.aws_eip.nat",
            "module.vpc.aws_internet_gateway.igw",
            "module.vpc.aws_nat_gateway.nat",
            "module.vpc.aws_subnet.private_eks",
            "module.vpc.aws_subnet.public",
            "module.vpc.aws_vpc.main"
          ]
        }
      ]
    },
    {
      "module": "module.vpc",
      "mode": "managed",
      "type": "aws_route_table",
      "name": "public",
      "provider": "provider[\"registry.terraform.io/hashicorp/aws\"]",
      "instances": [
        {
          "schema_version": 0,
          "attributes": {
            "arn": "arn:aws:ec2:ap-northeast-2:034362047320:route-table/rtb-0a715cca145332b09",
            "id": "rtb-0a715cca145332b09",
            "owner_id": "034362047320",
            "propagating_vgws": [],
            "route": [
              {
                "carrier_gateway_id": "",
                "cidr_block": "0.0.0.0/0",
                "core_network_arn": "",
                "destination_prefix_list_id": "",
                "egress_only_gateway_id": "",
                "gateway_id": "igw-0ed61c76c983b82fb",
                "ipv6_cidr_block": "",
                "local_gateway_id": "",
                "nat_gateway_id": "",
                "network_interface_id": "",
                "transit_gateway_id": "",
                "vpc_endpoint_id": "",
                "vpc_peering_connection_id": ""
              }
            ],
            "tags": {
              "Name": "public-route-table"
            },
            "tags_all": {
              "Name": "public-route-table"
            },
            "timeouts": null,
            "vpc_id": "vpc-08c28e1d6297c4ceb"
          },
          "sensitive_attributes": [],
          "private": "eyJlMmJmYjczMC1lY2FhLTExZTYtOGY4OC0zNDM2M2JjN2M0YzAiOnsiY3JlYXRlIjozMDAwMDAwMDAwMDAsImRlbGV0ZSI6MzAwMDAwMDAwMDAwLCJ1cGRhdGUiOjEyMDAwMDAwMDAwMH19",
          "dependencies": [
            "module.vpc.aws_vpc.main"
          ]
        }
      ]
    },
    {
      "module": "module.vpc",
      "mode": "managed",
      "type": "aws_route_table_association",
      "name": "private_db",
      "provider": "provider[\"registry.terraform.io/hashicorp/aws\"]",
      "instances": [
        {
          "index_key": 0,
          "schema_version": 0,
          "attributes": {
            "gateway_id": "",
            "id": "rtbassoc-0aeeda62f4cac742f",
            "route_table_id": "rtb-0db641282baf3a1c9",
            "subnet_id": "subnet-0b1da4e93aafac51a",
            "timeouts": null
          },
          "sensitive_attributes": [],
          "private": "eyJlMmJmYjczMC1lY2FhLTExZTYtOGY4OC0zNDM2M2JjN2M0YzAiOnsiY3JlYXRlIjozMDAwMDAwMDAwMDAsImRlbGV0ZSI6MzAwMDAwMDAwMDAwLCJ1cGRhdGUiOjEyMDAwMDAwMDAwMH19",
          "dependencies": [
            "module.vpc.aws_route_table.private_db",
            "module.vpc.aws_subnet.private_db",
            "module.vpc.aws_vpc.main"
          ]
        },
        {
          "index_key": 1,
          "schema_version": 0,
          "attributes": {
            "gateway_id": "",
            "id": "rtbassoc-07cee829e102735df",
            "route_table_id": "rtb-0db641282baf3a1c9",
            "subnet_id": "subnet-0ee37d6e9450d8fb3",
            "timeouts": null
          },
          "sensitive_attributes": [],
          "private": "eyJlMmJmYjczMC1lY2FhLTExZTYtOGY4OC0zNDM2M2JjN2M0YzAiOnsiY3JlYXRlIjozMDAwMDAwMDAwMDAsImRlbGV0ZSI6MzAwMDAwMDAwMDAwLCJ1cGRhdGUiOjEyMDAwMDAwMDAwMH19",
          "dependencies": [
            "module.vpc.aws_route_table.private_db",
            "module.vpc.aws_subnet.private_db",
            "module.vpc.aws_vpc.main"
          ]
        }
      ]
    },
    {
      "module": "module.vpc",
      "mode": "managed",
      "type": "aws_route_table_association",
      "name": "private_eks",
      "provider": "provider[\"registry.terraform.io/hashicorp/aws\"]",
      "instances": [
        {
          "index_key": 0,
          "schema_version": 0,
          "attributes": {
            "gateway_id": "",
            "id": "rtbassoc-06893a39c176b9b69",
            "route_table_id": "rtb-07a957295a0ff9b1c",
            "subnet_id": "subnet-011c834a50a9f78b4",
            "timeouts": null
          },
          "sensitive_attributes": [],
          "private": "eyJlMmJmYjczMC1lY2FhLTExZTYtOGY4OC0zNDM2M2JjN2M0YzAiOnsiY3JlYXRlIjozMDAwMDAwMDAwMDAsImRlbGV0ZSI6MzAwMDAwMDAwMDAwLCJ1cGRhdGUiOjEyMDAwMDAwMDAwMH19",
          "dependencies": [
            "module.vpc.aws_eip.nat",
            "module.vpc.aws_internet_gateway.igw",
            "module.vpc.aws_nat_gateway.nat",
            "module.vpc.aws_route_table.private_nat",
            "module.vpc.aws_subnet.private_eks",
            "module.vpc.aws_subnet.public",
            "module.vpc.aws_vpc.main"
          ]
        },
        {
          "index_key": 1,
          "schema_version": 0,
          "attributes": {
            "gateway_id": "",
            "id": "rtbassoc-02a31d938f0d7899a",
            "route_table_id": "rtb-0be98ca323c0c14da",
            "subnet_id": "subnet-0d51ec4221f134621",
            "timeouts": null
          },
          "sensitive_attributes": [],
          "private": "eyJlMmJmYjczMC1lY2FhLTExZTYtOGY4OC0zNDM2M2JjN2M0YzAiOnsiY3JlYXRlIjozMDAwMDAwMDAwMDAsImRlbGV0ZSI6MzAwMDAwMDAwMDAwLCJ1cGRhdGUiOjEyMDAwMDAwMDAwMH19",
          "dependencies": [
            "module.vpc.aws_eip.nat",
            "module.vpc.aws_internet_gateway.igw",
            "module.vpc.aws_nat_gateway.nat",
            "module.vpc.aws_route_table.private_nat",
            "module.vpc.aws_subnet.private_eks",
            "module.vpc.aws_subnet.public",
            "module.vpc.aws_vpc.main"
          ]
        }
      ]
    },
    {
      "module": "module.vpc",
      "mode": "managed",
      "type": "aws_route_table_association",
      "name": "public",
      "provider": "provider[\"registry.terraform.io/hashicorp/aws\"]",
      "instances": [
        {
          "index_key": 0,
          "schema_version": 0,
          "attributes": {
            "gateway_id": "",
            "id": "rtbassoc-03274c187d29e1eec",
            "route_table_id": "rtb-0a715cca145332b09",
            "subnet_id": "subnet-06e67c9eccab3c905",
            "timeouts": null
          },
          "sensitive_attributes": [],
          "private": "eyJlMmJmYjczMC1lY2FhLTExZTYtOGY4OC0zNDM2M2JjN2M0YzAiOnsiY3JlYXRlIjozMDAwMDAwMDAwMDAsImRlbGV0ZSI6MzAwMDAwMDAwMDAwLCJ1cGRhdGUiOjEyMDAwMDAwMDAwMH19",
          "dependencies": [
            "module.vpc.aws_route_table.public",
            "module.vpc.aws_subnet.public",
            "module.vpc.aws_vpc.main"
          ]
        },
        {
          "index_key": 1,
          "schema_version": 0,
          "attributes": {
            "gateway_id": "",
            "id": "rtbassoc-0ab4d92dbaa107ddf",
            "route_table_id": "rtb-0a715cca145332b09",
            "subnet_id": "subnet-0745d3e12d7c0c806",
            "timeouts": null
          },
          "sensitive_attributes": [],
          "private": "eyJlMmJmYjczMC1lY2FhLTExZTYtOGY4OC0zNDM2M2JjN2M0YzAiOnsiY3JlYXRlIjozMDAwMDAwMDAwMDAsImRlbGV0ZSI6MzAwMDAwMDAwMDAwLCJ1cGRhdGUiOjEyMDAwMDAwMDAwMH19",
          "dependencies": [
            "module.vpc.aws_route_table.public",
            "module.vpc.aws_subnet.public",
            "module.vpc.aws_vpc.main"
          ]
        }
      ]
    },
    {
      "module": "module.vpc",
      "mode": "managed",
      "type": "aws_security_group",
      "name": "eks_sg",
      "provider": "provider[\"registry.terraform.io/hashicorp/aws\"]",
      "instances": [
        {
          "schema_version": 1,
          "attributes": {
            "arn": "arn:aws:ec2:ap-northeast-2:034362047320:security-group/sg-058231bce0b0b8e6d",
            "description": "SG for EKS (no rules yet)",
            "egress": [
              {
                "cidr_blocks": [
                  "0.0.0.0/0"
                ],
                "description": "",
                "from_port": 0,
                "ipv6_cidr_blocks": [],
                "prefix_list_ids": [],
                "protocol": "-1",
                "security_groups": [],
                "self": false,
                "to_port": 0
              },
              {
                "cidr_blocks": [],
                "description": "",
                "from_port": 3306,
                "ipv6_cidr_blocks": [],
                "prefix_list_ids": [],
                "protocol": "tcp",
                "security_groups": [
                  "sg-07e4bcb33952a126d"
                ],
                "self": false,
                "to_port": 3306
              },
              {
                "cidr_blocks": [],
                "description": "",
                "from_port": 6379,
                "ipv6_cidr_blocks": [],
                "prefix_list_ids": [],
                "protocol": "tcp",
                "security_groups": [
                  "sg-07cb3860a5114a8d8"
                ],
                "self": false,
                "to_port": 6379
              }
            ],
            "id": "sg-058231bce0b0b8e6d",
            "ingress": [
              {
                "cidr_blocks": [
                  "0.0.0.0/0"
                ],
                "description": "",
                "from_port": 443,
                "ipv6_cidr_blocks": [],
                "prefix_list_ids": [],
                "protocol": "tcp",
                "security_groups": [],
                "self": false,
                "to_port": 443
              }
            ],
            "name": "eks-sg",
            "name_prefix": "",
            "owner_id": "034362047320",
            "revoke_rules_on_delete": false,
            "tags": {},
            "tags_all": {},
            "timeouts": null,
            "vpc_id": "vpc-08c28e1d6297c4ceb"
          },
          "sensitive_attributes": [],
          "private": "eyJlMmJmYjczMC1lY2FhLTExZTYtOGY4OC0zNDM2M2JjN2M0YzAiOnsiY3JlYXRlIjo2MDAwMDAwMDAwMDAsImRlbGV0ZSI6OTAwMDAwMDAwMDAwfSwic2NoZW1hX3ZlcnNpb24iOiIxIn0=",
          "dependencies": [
            "module.vpc.aws_vpc.main"
          ]
        }
      ]
    },
    {
      "module": "module.vpc",
      "mode": "managed",
      "type": "aws_security_group",
      "name": "elasticache_sg",
      "provider": "provider[\"registry.terraform.io/hashicorp/aws\"]",
      "instances": [
        {
          "schema_version": 1,
          "attributes": {
            "arn": "arn:aws:ec2:ap-northeast-2:034362047320:security-group/sg-07cb3860a5114a8d8",
            "description": "SG for ElastiCache (no rules yet)",
            "egress": [],
            "id": "sg-07cb3860a5114a8d8",
            "ingress": [
              {
                "cidr_blocks": [],
                "description": "Allow Redis inbound from EKS",
                "from_port": 6379,
                "ipv6_cidr_blocks": [],
                "prefix_list_ids": [],
                "protocol": "tcp",
                "security_groups": [
                  "sg-058231bce0b0b8e6d"
                ],
                "self": false,
                "to_port": 6379
              },
              {
                "cidr_blocks": [],
                "description": "Allow Redis inbound from RDS",
                "from_port": 6379,
                "ipv6_cidr_blocks": [],
                "prefix_list_ids": [],
                "protocol": "tcp",
                "security_groups": [
                  "sg-07e4bcb33952a126d"
                ],
                "self": false,
                "to_port": 6379
              }
            ],
            "name": "elasticache-sg",
            "name_prefix": "",
            "owner_id": "034362047320",
            "revoke_rules_on_delete": false,
            "tags": {},
            "tags_all": {},
            "timeouts": null,
            "vpc_id": "vpc-08c28e1d6297c4ceb"
          },
          "sensitive_attributes": [],
          "private": "eyJlMmJmYjczMC1lY2FhLTExZTYtOGY4OC0zNDM2M2JjN2M0YzAiOnsiY3JlYXRlIjo2MDAwMDAwMDAwMDAsImRlbGV0ZSI6OTAwMDAwMDAwMDAwfSwic2NoZW1hX3ZlcnNpb24iOiIxIn0=",
          "dependencies": [
            "module.vpc.aws_vpc.main"
          ]
        }
      ]
    },
    {
      "module": "module.vpc",
      "mode": "managed",
      "type": "aws_security_group",
      "name": "rds_sg",
      "provider": "provider[\"registry.terraform.io/hashicorp/aws\"]",
      "instances": [
        {
          "schema_version": 1,
          "attributes": {
            "arn": "arn:aws:ec2:ap-northeast-2:034362047320:security-group/sg-07e4bcb33952a126d",
            "description": "SG for RDS (no rules yet)",
            "egress": [
              {
                "cidr_blocks": [],
                "description": "",
                "from_port": 6379,
                "ipv6_cidr_blocks": [],
                "prefix_list_ids": [],
                "protocol": "tcp",
                "security_groups": [
                  "sg-07cb3860a5114a8d8"
                ],
                "self": false,
                "to_port": 6379
              }
            ],
            "id": "sg-07e4bcb33952a126d",
            "ingress": [
              {
                "cidr_blocks": [],
                "description": "Allow MySQL access from EKS to RDS",
                "from_port": 3306,
                "ipv6_cidr_blocks": [],
                "prefix_list_ids": [],
                "protocol": "tcp",
                "security_groups": [
                  "sg-058231bce0b0b8e6d"
                ],
                "self": false,
                "to_port": 3306
              }
            ],
            "name": "rds-sg",
            "name_prefix": "",
            "owner_id": "034362047320",
            "revoke_rules_on_delete": false,
            "tags": {},
            "tags_all": {},
            "timeouts": null,
            "vpc_id": "vpc-08c28e1d6297c4ceb"
          },
          "sensitive_attributes": [],
          "private": "eyJlMmJmYjczMC1lY2FhLTExZTYtOGY4OC0zNDM2M2JjN2M0YzAiOnsiY3JlYXRlIjo2MDAwMDAwMDAwMDAsImRlbGV0ZSI6OTAwMDAwMDAwMDAwfSwic2NoZW1hX3ZlcnNpb24iOiIxIn0=",
          "dependencies": [
            "module.vpc.aws_vpc.main"
          ]
        }
      ]
    },
    {
      "module": "module.vpc",
      "mode": "managed",
      "type": "aws_security_group_rule",
      "name": "eks_egress_internet",
      "provider": "provider[\"registry.terraform.io/hashicorp/aws\"]",
      "instances": [
        {
          "schema_version": 2,
          "attributes": {
            "cidr_blocks": [
              "0.0.0.0/0"
            ],
            "description": null,
            "from_port": 0,
            "id": "sgrule-2872090959",
            "ipv6_cidr_blocks": null,
            "prefix_list_ids": null,
            "protocol": "-1",
            "security_group_id": "sg-058231bce0b0b8e6d",
            "security_group_rule_id": "sgr-0cc3e7188ecfbf336",
            "self": false,
            "source_security_group_id": null,
            "timeouts": null,
            "to_port": 0,
            "type": "egress"
          },
          "sensitive_attributes": [],
          "private": "eyJlMmJmYjczMC1lY2FhLTExZTYtOGY4OC0zNDM2M2JjN2M0YzAiOnsiY3JlYXRlIjozMDAwMDAwMDAwMDB9LCJzY2hlbWFfdmVyc2lvbiI6IjIifQ==",
          "dependencies": [
            "module.vpc.aws_security_group.eks_sg",
            "module.vpc.aws_vpc.main"
          ]
        }
      ]
    },
    {
      "module": "module.vpc",
      "mode": "managed",
      "type": "aws_security_group_rule",
      "name": "eks_to_rds_mysql",
      "provider": "provider[\"registry.terraform.io/hashicorp/aws\"]",
      "instances": [
        {
          "schema_version": 2,
          "attributes": {
            "cidr_blocks": null,
            "description": null,
            "from_port": 3306,
            "id": "sgrule-1569779685",
            "ipv6_cidr_blocks": null,
            "prefix_list_ids": null,
            "protocol": "tcp",
            "security_group_id": "sg-058231bce0b0b8e6d",
            "security_group_rule_id": "sgr-0228996331fc14ca0",
            "self": false,
            "source_security_group_id": "sg-07e4bcb33952a126d",
            "timeouts": null,
            "to_port": 3306,
            "type": "egress"
          },
          "sensitive_attributes": [],
          "private": "eyJlMmJmYjczMC1lY2FhLTExZTYtOGY4OC0zNDM2M2JjN2M0YzAiOnsiY3JlYXRlIjozMDAwMDAwMDAwMDB9LCJzY2hlbWFfdmVyc2lvbiI6IjIifQ==",
          "dependencies": [
            "module.vpc.aws_security_group.eks_sg",
            "module.vpc.aws_security_group.rds_sg",
            "module.vpc.aws_vpc.main"
          ]
        }
      ]
    },
    {
      "module": "module.vpc",
      "mode": "managed",
      "type": "aws_security_group_rule",
      "name": "eks_to_redis",
      "provider": "provider[\"registry.terraform.io/hashicorp/aws\"]",
      "instances": [
        {
          "schema_version": 2,
          "attributes": {
            "cidr_blocks": null,
            "description": null,
            "from_port": 6379,
            "id": "sgrule-3967738571",
            "ipv6_cidr_blocks": null,
            "prefix_list_ids": null,
            "protocol": "tcp",
            "security_group_id": "sg-058231bce0b0b8e6d",
            "security_group_rule_id": "sgr-05fcd3e02ab928eb8",
            "self": false,
            "source_security_group_id": "sg-07cb3860a5114a8d8",
            "timeouts": null,
            "to_port": 6379,
            "type": "egress"
          },
          "sensitive_attributes": [],
          "private": "eyJlMmJmYjczMC1lY2FhLTExZTYtOGY4OC0zNDM2M2JjN2M0YzAiOnsiY3JlYXRlIjozMDAwMDAwMDAwMDB9LCJzY2hlbWFfdmVyc2lvbiI6IjIifQ==",
          "dependencies": [
            "module.vpc.aws_security_group.eks_sg",
            "module.vpc.aws_security_group.elasticache_sg",
            "module.vpc.aws_vpc.main"
          ]
        }
      ]
    },
    {
      "module": "module.vpc",
      "mode": "managed",
      "type": "aws_security_group_rule",
      "name": "rds_in_from_eks_mysql",
      "provider": "provider[\"registry.terraform.io/hashicorp/aws\"]",
      "instances": [
        {
          "schema_version": 2,
          "attributes": {
            "cidr_blocks": null,
            "description": "Allow MySQL access from EKS to RDS",
            "from_port": 3306,
            "id": "sgrule-1809123012",
            "ipv6_cidr_blocks": null,
            "prefix_list_ids": null,
            "protocol": "tcp",
            "security_group_id": "sg-07e4bcb33952a126d",
            "security_group_rule_id": "sgr-0c6f25d9ab8145226",
            "self": false,
            "source_security_group_id": "sg-058231bce0b0b8e6d",
            "timeouts": null,
            "to_port": 3306,
            "type": "ingress"
          },
          "sensitive_attributes": [],
          "private": "eyJlMmJmYjczMC1lY2FhLTExZTYtOGY4OC0zNDM2M2JjN2M0YzAiOnsiY3JlYXRlIjozMDAwMDAwMDAwMDB9LCJzY2hlbWFfdmVyc2lvbiI6IjIifQ==",
          "dependencies": [
            "module.vpc.aws_security_group.eks_sg",
            "module.vpc.aws_security_group.rds_sg",
            "module.vpc.aws_vpc.main"
          ]
        }
      ]
    },
    {
      "module": "module.vpc",
      "mode": "managed",
      "type": "aws_security_group_rule",
      "name": "rds_out_to_redis",
      "provider": "provider[\"registry.terraform.io/hashicorp/aws\"]",
      "instances": [
        {
          "schema_version": 2,
          "attributes": {
            "cidr_blocks": null,
            "description": null,
            "from_port": 6379,
            "id": "sgrule-465907008",
            "ipv6_cidr_blocks": null,
            "prefix_list_ids": null,
            "protocol": "tcp",
            "security_group_id": "sg-07e4bcb33952a126d",
            "security_group_rule_id": "sgr-0bc71d837b4781c98",
            "self": false,
            "source_security_group_id": "sg-07cb3860a5114a8d8",
            "timeouts": null,
            "to_port": 6379,
            "type": "egress"
          },
          "sensitive_attributes": [],
          "private": "eyJlMmJmYjczMC1lY2FhLTExZTYtOGY4OC0zNDM2M2JjN2M0YzAiOnsiY3JlYXRlIjozMDAwMDAwMDAwMDB9LCJzY2hlbWFfdmVyc2lvbiI6IjIifQ==",
          "dependencies": [
            "module.vpc.aws_security_group.elasticache_sg",
            "module.vpc.aws_security_group.rds_sg",
            "module.vpc.aws_vpc.main"
          ]
        }
      ]
    },
    {
      "module": "module.vpc",
      "mode": "managed",
      "type": "aws_security_group_rule",
      "name": "redis_in_from_eks",
      "provider": "provider[\"registry.terraform.io/hashicorp/aws\"]",
      "instances": [
        {
          "schema_version": 2,
          "attributes": {
            "cidr_blocks": null,
            "description": "Allow Redis inbound from EKS",
            "from_port": 6379,
            "id": "sgrule-2111131589",
            "ipv6_cidr_blocks": null,
            "prefix_list_ids": null,
            "protocol": "tcp",
            "security_group_id": "sg-07cb3860a5114a8d8",
            "security_group_rule_id": "sgr-0fae56122850ea604",
            "self": false,
            "source_security_group_id": "sg-058231bce0b0b8e6d",
            "timeouts": null,
            "to_port": 6379,
            "type": "ingress"
          },
          "sensitive_attributes": [],
          "private": "eyJlMmJmYjczMC1lY2FhLTExZTYtOGY4OC0zNDM2M2JjN2M0YzAiOnsiY3JlYXRlIjozMDAwMDAwMDAwMDB9LCJzY2hlbWFfdmVyc2lvbiI6IjIifQ==",
          "dependencies": [
            "module.vpc.aws_security_group.eks_sg",
            "module.vpc.aws_security_group.elasticache_sg",
            "module.vpc.aws_vpc.main"
          ]
        }
      ]
    },
    {
      "module": "module.vpc",
      "mode": "managed",
      "type": "aws_security_group_rule",
      "name": "redis_in_from_rds",
      "provider": "provider[\"registry.terraform.io/hashicorp/aws\"]",
      "instances": [
        {
          "schema_version": 2,
          "attributes": {
            "cidr_blocks": null,
            "description": "Allow Redis inbound from RDS",
            "from_port": 6379,
            "id": "sgrule-446248766",
            "ipv6_cidr_blocks": null,
            "prefix_list_ids": null,
            "protocol": "tcp",
            "security_group_id": "sg-07cb3860a5114a8d8",
            "security_group_rule_id": "sgr-01717d81a3194e5b0",
            "self": false,
            "source_security_group_id": "sg-07e4bcb33952a126d",
            "timeouts": null,
            "to_port": 6379,
            "type": "ingress"
          },
          "sensitive_attributes": [],
          "private": "eyJlMmJmYjczMC1lY2FhLTExZTYtOGY4OC0zNDM2M2JjN2M0YzAiOnsiY3JlYXRlIjozMDAwMDAwMDAwMDB9LCJzY2hlbWFfdmVyc2lvbiI6IjIifQ==",
          "dependencies": [
            "module.vpc.aws_security_group.elasticache_sg",
            "module.vpc.aws_security_group.rds_sg",
            "module.vpc.aws_vpc.main"
          ]
        }
      ]
    },
    {
      "module": "module.vpc",
      "mode": "managed",
      "type": "aws_subnet",
      "name": "private_db",
      "provider": "provider[\"registry.terraform.io/hashicorp/aws\"]",
      "instances": [
        {
          "index_key": 0,
          "schema_version": 1,
          "attributes": {
            "arn": "arn:aws:ec2:ap-northeast-2:034362047320:subnet/subnet-0b1da4e93aafac51a",
            "assign_ipv6_address_on_creation": false,
            "availability_zone": "ap-northeast-2a",
            "availability_zone_id": "apne2-az1",
            "cidr_block": "10.0.3.0/24",
            "customer_owned_ipv4_pool": "",
            "enable_dns64": false,
            "enable_lni_at_device_index": 0,
            "enable_resource_name_dns_a_record_on_launch": false,
            "enable_resource_name_dns_aaaa_record_on_launch": false,
            "id": "subnet-0b1da4e93aafac51a",
            "ipv6_cidr_block": "",
            "ipv6_cidr_block_association_id": "",
            "ipv6_native": false,
            "map_customer_owned_ip_on_launch": false,
            "map_public_ip_on_launch": false,
            "outpost_arn": "",
            "owner_id": "034362047320",
            "private_dns_hostname_type_on_launch": "ip-name",
            "tags": {
              "Name": "private-db-subnet-0"
            },
            "tags_all": {
              "Name": "private-db-subnet-0"
            },
            "timeouts": null,
            "vpc_id": "vpc-08c28e1d6297c4ceb"
          },
          "sensitive_attributes": [],
          "private": "eyJlMmJmYjczMC1lY2FhLTExZTYtOGY4OC0zNDM2M2JjN2M0YzAiOnsiY3JlYXRlIjo2MDAwMDAwMDAwMDAsImRlbGV0ZSI6MTIwMDAwMDAwMDAwMH0sInNjaGVtYV92ZXJzaW9uIjoiMSJ9",
          "dependencies": [
            "module.vpc.aws_vpc.main"
          ]
        },
        {
          "index_key": 1,
          "schema_version": 1,
          "attributes": {
            "arn": "arn:aws:ec2:ap-northeast-2:034362047320:subnet/subnet-0ee37d6e9450d8fb3",
            "assign_ipv6_address_on_creation": false,
            "availability_zone": "ap-northeast-2c",
            "availability_zone_id": "apne2-az3",
            "cidr_block": "10.0.31.0/24",
            "customer_owned_ipv4_pool": "",
            "enable_dns64": false,
            "enable_lni_at_device_index": 0,
            "enable_resource_name_dns_a_record_on_launch": false,
            "enable_resource_name_dns_aaaa_record_on_launch": false,
            "id": "subnet-0ee37d6e9450d8fb3",
            "ipv6_cidr_block": "",
            "ipv6_cidr_block_association_id": "",
            "ipv6_native": false,
            "map_customer_owned_ip_on_launch": false,
            "map_public_ip_on_launch": false,
            "outpost_arn": "",
            "owner_id": "034362047320",
            "private_dns_hostname_type_on_launch": "ip-name",
            "tags": {
              "Name": "private-db-subnet-1"
            },
            "tags_all": {
              "Name": "private-db-subnet-1"
            },
            "timeouts": null,
            "vpc_id": "vpc-08c28e1d6297c4ceb"
          },
          "sensitive_attributes": [],
          "private": "eyJlMmJmYjczMC1lY2FhLTExZTYtOGY4OC0zNDM2M2JjN2M0YzAiOnsiY3JlYXRlIjo2MDAwMDAwMDAwMDAsImRlbGV0ZSI6MTIwMDAwMDAwMDAwMH0sInNjaGVtYV92ZXJzaW9uIjoiMSJ9",
          "dependencies": [
            "module.vpc.aws_vpc.main"
          ]
        }
      ]
    },
    {
      "module": "module.vpc",
      "mode": "managed",
      "type": "aws_subnet",
      "name": "private_eks",
      "provider": "provider[\"registry.terraform.io/hashicorp/aws\"]",
      "instances": [
        {
          "index_key": 0,
          "schema_version": 1,
          "attributes": {
            "arn": "arn:aws:ec2:ap-northeast-2:034362047320:subnet/subnet-011c834a50a9f78b4",
            "assign_ipv6_address_on_creation": false,
            "availability_zone": "ap-northeast-2a",
            "availability_zone_id": "apne2-az1",
            "cidr_block": "10.0.2.0/24",
            "customer_owned_ipv4_pool": "",
            "enable_dns64": false,
            "enable_lni_at_device_index": 0,
            "enable_resource_name_dns_a_record_on_launch": false,
            "enable_resource_name_dns_aaaa_record_on_launch": false,
            "id": "subnet-011c834a50a9f78b4",
            "ipv6_cidr_block": "",
            "ipv6_cidr_block_association_id": "",
            "ipv6_native": false,
            "map_customer_owned_ip_on_launch": false,
            "map_public_ip_on_launch": false,
            "outpost_arn": "",
            "owner_id": "034362047320",
            "private_dns_hostname_type_on_launch": "ip-name",
            "tags": {
              "Name": "private-eks-subnet-0",
              "kubernetes.io/role/internal-elb": "1"
            },
            "tags_all": {
              "Name": "private-eks-subnet-0",
              "kubernetes.io/role/internal-elb": "1"
            },
            "timeouts": null,
            "vpc_id": "vpc-08c28e1d6297c4ceb"
          },
          "sensitive_attributes": [],
          "private": "eyJlMmJmYjczMC1lY2FhLTExZTYtOGY4OC0zNDM2M2JjN2M0YzAiOnsiY3JlYXRlIjo2MDAwMDAwMDAwMDAsImRlbGV0ZSI6MTIwMDAwMDAwMDAwMH0sInNjaGVtYV92ZXJzaW9uIjoiMSJ9",
          "dependencies": [
            "module.vpc.aws_vpc.main"
          ]
        },
        {
          "index_key": 1,
          "schema_version": 1,
          "attributes": {
            "arn": "arn:aws:ec2:ap-northeast-2:034362047320:subnet/subnet-0d51ec4221f134621",
            "assign_ipv6_address_on_creation": false,
            "availability_zone": "ap-northeast-2c",
            "availability_zone_id": "apne2-az3",
            "cidr_block": "10.0.21.0/24",
            "customer_owned_ipv4_pool": "",
            "enable_dns64": false,
            "enable_lni_at_device_index": 0,
            "enable_resource_name_dns_a_record_on_launch": false,
            "enable_resource_name_dns_aaaa_record_on_launch": false,
            "id": "subnet-0d51ec4221f134621",
            "ipv6_cidr_block": "",
            "ipv6_cidr_block_association_id": "",
            "ipv6_native": false,
            "map_customer_owned_ip_on_launch": false,
            "map_public_ip_on_launch": false,
            "outpost_arn": "",
            "owner_id": "034362047320",
            "private_dns_hostname_type_on_launch": "ip-name",
            "tags": {
              "Name": "private-eks-subnet-1",
              "kubernetes.io/role/internal-elb": "1"
            },
            "tags_all": {
              "Name": "private-eks-subnet-1",
              "kubernetes.io/role/internal-elb": "1"
            },
            "timeouts": null,
            "vpc_id": "vpc-08c28e1d6297c4ceb"
          },
          "sensitive_attributes": [],
          "private": "eyJlMmJmYjczMC1lY2FhLTExZTYtOGY4OC0zNDM2M2JjN2M0YzAiOnsiY3JlYXRlIjo2MDAwMDAwMDAwMDAsImRlbGV0ZSI6MTIwMDAwMDAwMDAwMH0sInNjaGVtYV92ZXJzaW9uIjoiMSJ9",
          "dependencies": [
            "module.vpc.aws_vpc.main"
          ]
        }
      ]
    },
    {
      "module": "module.vpc",
      "mode": "managed",
      "type": "aws_subnet",
      "name": "public",
      "provider": "provider[\"registry.terraform.io/hashicorp/aws\"]",
      "instances": [
        {
          "index_key": 0,
          "schema_version": 1,
          "attributes": {
            "arn": "arn:aws:ec2:ap-northeast-2:034362047320:subnet/subnet-06e67c9eccab3c905",
            "assign_ipv6_address_on_creation": false,
            "availability_zone": "ap-northeast-2a",
            "availability_zone_id": "apne2-az1",
            "cidr_block": "10.0.1.0/24",
            "customer_owned_ipv4_pool": "",
            "enable_dns64": false,
            "enable_lni_at_device_index": 0,
            "enable_resource_name_dns_a_record_on_launch": false,
            "enable_resource_name_dns_aaaa_record_on_launch": false,
            "id": "subnet-06e67c9eccab3c905",
            "ipv6_cidr_block": "",
            "ipv6_cidr_block_association_id": "",
            "ipv6_native": false,
            "map_customer_owned_ip_on_launch": false,
            "map_public_ip_on_launch": true,
            "outpost_arn": "",
            "owner_id": "034362047320",
            "private_dns_hostname_type_on_launch": "ip-name",
            "tags": {
              "Name": "public-subnet-0",
              "kubernetes.io/role/elb": "1"
            },
            "tags_all": {
              "Name": "public-subnet-0",
              "kubernetes.io/role/elb": "1"
            },
            "timeouts": null,
            "vpc_id": "vpc-08c28e1d6297c4ceb"
          },
          "sensitive_attributes": [],
          "private": "eyJlMmJmYjczMC1lY2FhLTExZTYtOGY4OC0zNDM2M2JjN2M0YzAiOnsiY3JlYXRlIjo2MDAwMDAwMDAwMDAsImRlbGV0ZSI6MTIwMDAwMDAwMDAwMH0sInNjaGVtYV92ZXJzaW9uIjoiMSJ9",
          "dependencies": [
            "module.vpc.aws_vpc.main"
          ]
        },
        {
          "index_key": 1,
          "schema_version": 1,
          "attributes": {
            "arn": "arn:aws:ec2:ap-northeast-2:034362047320:subnet/subnet-0745d3e12d7c0c806",
            "assign_ipv6_address_on_creation": false,
            "availability_zone": "ap-northeast-2c",
            "availability_zone_id": "apne2-az3",
            "cidr_block": "10.0.11.0/24",
            "customer_owned_ipv4_pool": "",
            "enable_dns64": false,
            "enable_lni_at_device_index": 0,
            "enable_resource_name_dns_a_record_on_launch": false,
            "enable_resource_name_dns_aaaa_record_on_launch": false,
            "id": "subnet-0745d3e12d7c0c806",
            "ipv6_cidr_block": "",
            "ipv6_cidr_block_association_id": "",
            "ipv6_native": false,
            "map_customer_owned_ip_on_launch": false,
            "map_public_ip_on_launch": true,
            "outpost_arn": "",
            "owner_id": "034362047320",
            "private_dns_hostname_type_on_launch": "ip-name",
            "tags": {
              "Name": "public-subnet-1",
              "kubernetes.io/role/elb": "1"
            },
            "tags_all": {
              "Name": "public-subnet-1",
              "kubernetes.io/role/elb": "1"
            },
            "timeouts": null,
            "vpc_id": "vpc-08c28e1d6297c4ceb"
          },
          "sensitive_attributes": [],
          "private": "eyJlMmJmYjczMC1lY2FhLTExZTYtOGY4OC0zNDM2M2JjN2M0YzAiOnsiY3JlYXRlIjo2MDAwMDAwMDAwMDAsImRlbGV0ZSI6MTIwMDAwMDAwMDAwMH0sInNjaGVtYV92ZXJzaW9uIjoiMSJ9",
          "dependencies": [
            "module.vpc.aws_vpc.main"
          ]
        }
      ]
    },
    {
      "module": "module.vpc",
      "mode": "managed",
      "type": "aws_vpc",
      "name": "main",
      "provider": "provider[\"registry.terraform.io/hashicorp/aws\"]",
      "instances": [
        {
          "schema_version": 1,
          "attributes": {
            "arn": "arn:aws:ec2:ap-northeast-2:034362047320:vpc/vpc-08c28e1d6297c4ceb",
            "assign_generated_ipv6_cidr_block": false,
            "cidr_block": "10.0.0.0/16",
            "default_network_acl_id": "acl-0f41f6c17718e1804",
            "default_route_table_id": "rtb-0cef6a9436bcd8b79",
            "default_security_group_id": "sg-040713b85f59b0dc1",
            "dhcp_options_id": "dopt-0b6da6ae6f9324fc1",
            "enable_dns_hostnames": true,
            "enable_dns_support": true,
            "enable_network_address_usage_metrics": false,
            "id": "vpc-08c28e1d6297c4ceb",
            "instance_tenancy": "default",
            "ipv4_ipam_pool_id": null,
            "ipv4_netmask_length": null,
            "ipv6_association_id": "",
            "ipv6_cidr_block": "",
            "ipv6_cidr_block_network_border_group": "",
            "ipv6_ipam_pool_id": "",
            "ipv6_netmask_length": 0,
            "main_route_table_id": "rtb-0cef6a9436bcd8b79",
            "owner_id": "034362047320",
            "tags": {
              "Name": "eks-vpc"
            },
            "tags_all": {
              "Name": "eks-vpc"
            }
          },
          "sensitive_attributes": [],
          "private": "eyJzY2hlbWFfdmVyc2lvbiI6IjEifQ=="
        }
      ]
    }
  ],
  "check_results": null
}
